// !$*UTF8*$!
{
	archiveVersion = 1;
	classes = {
	};
	objectVersion = 50;
	objects = {

/* Begin PBXBuildFile section */
		C91E1EEC2105E4160080FAD8 /* net_endpoint_link_to.c in Sources */ = {isa = PBXBuildFile; fileRef = C91E1EC52105E4160080FAD8 /* net_endpoint_link_to.c */; };
		C91E1EED2105E4160080FAD8 /* net_timer.c in Sources */ = {isa = PBXBuildFile; fileRef = C91E1EC62105E4160080FAD8 /* net_timer.c */; };
		C91E1EEE2105E4160080FAD8 /* net_address.c in Sources */ = {isa = PBXBuildFile; fileRef = C91E1EC72105E4160080FAD8 /* net_address.c */; };
		C91E1EEF2105E4160080FAD8 /* net_schedule.c in Sources */ = {isa = PBXBuildFile; fileRef = C91E1EC92105E4160080FAD8 /* net_schedule.c */; };
		C91E1EF02105E4160080FAD8 /* net_endpoint_monitor.c in Sources */ = {isa = PBXBuildFile; fileRef = C91E1ECA2105E4160080FAD8 /* net_endpoint_monitor.c */; };
		C91E1EF12105E4160080FAD8 /* net_endpoint_wbuf.c in Sources */ = {isa = PBXBuildFile; fileRef = C91E1ECB2105E4160080FAD8 /* net_endpoint_wbuf.c */; };
		C91E1EF22105E4160080FAD8 /* net_ipset_node.c in Sources */ = {isa = PBXBuildFile; fileRef = C91E1ECC2105E4160080FAD8 /* net_ipset_node.c */; };
		C91E1EF32105E4160080FAD8 /* net_ipset.c in Sources */ = {isa = PBXBuildFile; fileRef = C91E1ECD2105E4160080FAD8 /* net_ipset.c */; };
		C91E1EF42105E4160080FAD8 /* net_ipset_ipv4.c in Sources */ = {isa = PBXBuildFile; fileRef = C91E1ECE2105E4160080FAD8 /* net_ipset_ipv4.c */; };
		C91E1EF52105E4160080FAD8 /* net_driver.c in Sources */ = {isa = PBXBuildFile; fileRef = C91E1ECF2105E4160080FAD8 /* net_driver.c */; };
		C91E1EF62105E4160080FAD8 /* net_endpoint.c in Sources */ = {isa = PBXBuildFile; fileRef = C91E1ED62105E4160080FAD8 /* net_endpoint.c */; };
		C91E1EF72105E4160080FAD8 /* net_protocol.c in Sources */ = {isa = PBXBuildFile; fileRef = C91E1ED72105E4160080FAD8 /* net_protocol.c */; };
		C91E1EF82105E4160080FAD8 /* net_endpoint_rbuf.c in Sources */ = {isa = PBXBuildFile; fileRef = C91E1EDA2105E4160080FAD8 /* net_endpoint_rbuf.c */; };
		C91E1EF92105E4160080FAD8 /* net_direct_endpoint.c in Sources */ = {isa = PBXBuildFile; fileRef = C91E1EDC2105E4160080FAD8 /* net_direct_endpoint.c */; };
		C91E1EFA2105E4160080FAD8 /* net_endpoint_fbuf.c in Sources */ = {isa = PBXBuildFile; fileRef = C91E1EDD2105E4160080FAD8 /* net_endpoint_fbuf.c */; };
		C91E1EFB2105E4160080FAD8 /* net_endpoint_stream.c in Sources */ = {isa = PBXBuildFile; fileRef = C91E1EDE2105E4160080FAD8 /* net_endpoint_stream.c */; };
		C91E1EFC2105E4160080FAD8 /* net_link.c in Sources */ = {isa = PBXBuildFile; fileRef = C91E1EDF2105E4160080FAD8 /* net_link.c */; };
		C91E1EFD2105E4160080FAD8 /* net_dns_query.c in Sources */ = {isa = PBXBuildFile; fileRef = C91E1EE02105E4160080FAD8 /* net_dns_query.c */; };
		C91E1EFE2105E4160080FAD8 /* net_dgram.c in Sources */ = {isa = PBXBuildFile; fileRef = C91E1EE42105E4160080FAD8 /* net_dgram.c */; };
		C91E1EFF2105E4160080FAD8 /* net_address_matcher.c in Sources */ = {isa = PBXBuildFile; fileRef = C91E1EE52105E4160080FAD8 /* net_address_matcher.c */; };
		C91E1F002105E4160080FAD8 /* net_ipset_ipv6.c in Sources */ = {isa = PBXBuildFile; fileRef = C91E1EE62105E4160080FAD8 /* net_ipset_ipv6.c */; };
		C91E1F012105E4160080FAD8 /* net_ipset_node_cache.c in Sources */ = {isa = PBXBuildFile; fileRef = C91E1EE92105E4160080FAD8 /* net_ipset_node_cache.c */; };
		C91E1F022105E4160080FAD8 /* net_address_rule.c in Sources */ = {isa = PBXBuildFile; fileRef = C91E1EEB2105E4160080FAD8 /* net_address_rule.c */; };
		C91E1F212105FF000080FAD8 /* net_ne_driver.m in Sources */ = {isa = PBXBuildFile; fileRef = C91E1F142105FF000080FAD8 /* net_ne_driver.m */; };
		C91E1F222105FF000080FAD8 /* net_ne_dgram.m in Sources */ = {isa = PBXBuildFile; fileRef = C91E1F152105FF000080FAD8 /* net_ne_dgram.m */; };
		C91E1F2E2106AC3D0080FAD8 /* net_ne_utils.m in Sources */ = {isa = PBXBuildFile; fileRef = C91E1F2D2106AC3C0080FAD8 /* net_ne_utils.m */; };
		C91E1F312106BA690080FAD8 /* net_ne_dgram_session.m in Sources */ = {isa = PBXBuildFile; fileRef = C91E1F2F2106BA690080FAD8 /* net_ne_dgram_session.m */; };
		C91E1F3721076E1F0080FAD8 /* net_ne_endpoint.m in Sources */ = {isa = PBXBuildFile; fileRef = C91E1F3621076E1F0080FAD8 /* net_ne_endpoint.m */; };
		C9415AA4212105CF00400779 /* net_dns_svr.c in Sources */ = {isa = PBXBuildFile; fileRef = C9415A9F212105CF00400779 /* net_dns_svr.c */; };
		C9506CD72127A8400015DDBC /* net_dns_source_ns.c in Sources */ = {isa = PBXBuildFile; fileRef = C9506CD22127A83F0015DDBC /* net_dns_source_ns.c */; };
		C9506CD82127A8400015DDBC /* net_dns_cli_protocol.c in Sources */ = {isa = PBXBuildFile; fileRef = C9506CD52127A8400015DDBC /* net_dns_cli_protocol.c */; };
		C9506CD92127A8400015DDBC /* net_dns_cli_endpoint.c in Sources */ = {isa = PBXBuildFile; fileRef = C9506CD62127A8400015DDBC /* net_dns_cli_endpoint.c */; };
		C9506CDC2127ABE90015DDBC /* net_dns_scope.c in Sources */ = {isa = PBXBuildFile; fileRef = C9506CDB2127ABE90015DDBC /* net_dns_scope.c */; };
		C9506CE0212819520015DDBC /* net_proxy_http_svr_endpoint_basic_rsp.c in Sources */ = {isa = PBXBuildFile; fileRef = C9506CDE212819510015DDBC /* net_proxy_http_svr_endpoint_basic_rsp.c */; };
		C9506CE1212819520015DDBC /* net_proxy_http_svr_endpoint_basic_req.c in Sources */ = {isa = PBXBuildFile; fileRef = C9506CDF212819510015DDBC /* net_proxy_http_svr_endpoint_basic_req.c */; };
		C96A82F02110054D000CB30D /* net_dq_driver.m in Sources */ = {isa = PBXBuildFile; fileRef = C96A82E22110054D000CB30D /* net_dq_driver.m */; };
		C96A82F12110054D000CB30D /* net_dq_acceptor.m in Sources */ = {isa = PBXBuildFile; fileRef = C96A82E42110054D000CB30D /* net_dq_acceptor.m */; };
		C96A82F22110054D000CB30D /* net_dq_endpoint.m in Sources */ = {isa = PBXBuildFile; fileRef = C96A82E62110054D000CB30D /* net_dq_endpoint.m */; };
		C96A82F32110054D000CB30D /* net_dq_dgram.m in Sources */ = {isa = PBXBuildFile; fileRef = C96A82E72110054D000CB30D /* net_dq_dgram.m */; };
		C96A82F42110054D000CB30D /* net_dq_timer.m in Sources */ = {isa = PBXBuildFile; fileRef = C96A82E82110054D000CB30D /* net_dq_timer.m */; };
		C96A831021102748000CB30D /* net_acceptor.c in Sources */ = {isa = PBXBuildFile; fileRef = C96A830E21102747000CB30D /* net_acceptor.c */; };
		C99AAEB521215523001FA074 /* net_dns_svr_query.c in Sources */ = {isa = PBXBuildFile; fileRef = C99AAEB321215523001FA074 /* net_dns_svr_query.c */; };
		C99AAEBA2121805F001FA074 /* net_dns_svr_query_entry.c in Sources */ = {isa = PBXBuildFile; fileRef = C99AAEB82121805F001FA074 /* net_dns_svr_query_entry.c */; };
		C99AAEBC21218819001FA074 /* net_dns_svr_query_process.c in Sources */ = {isa = PBXBuildFile; fileRef = C99AAEBB21218819001FA074 /* net_dns_svr_query_process.c */; };
		C99C3FF021250FDF00E985D2 /* net_proxy_http_svr_endpoint_tunnel.c in Sources */ = {isa = PBXBuildFile; fileRef = C99C3FEE21250FDF00E985D2 /* net_proxy_http_svr_endpoint_tunnel.c */; };
		C9B0C46F2123F35F008DB367 /* net_proxy_http_svr_endpoint.c in Sources */ = {isa = PBXBuildFile; fileRef = C9B0C46B2123F35F008DB367 /* net_proxy_http_svr_endpoint.c */; };
		C9B0C4882124099F008DB367 /* net_proxy_http_svr_protocol.c in Sources */ = {isa = PBXBuildFile; fileRef = C9B0C4872124099F008DB367 /* net_proxy_http_svr_protocol.c */; };
		C9C4B143210862470045A1A3 /* net_dns_task_builder.c in Sources */ = {isa = PBXBuildFile; fileRef = C9C4B131210862460045A1A3 /* net_dns_task_builder.c */; };
		C9C4B144210862470045A1A3 /* net_dns_source.c in Sources */ = {isa = PBXBuildFile; fileRef = C9C4B132210862460045A1A3 /* net_dns_source.c */; };
		C9C4B145210862470045A1A3 /* net_dns_manage_conf.c in Sources */ = {isa = PBXBuildFile; fileRef = C9C4B133210862460045A1A3 /* net_dns_manage_conf.c */; };
		C9C4B146210862470045A1A3 /* net_dns_query_ex.c in Sources */ = {isa = PBXBuildFile; fileRef = C9C4B134210862460045A1A3 /* net_dns_query_ex.c */; };
		C9C4B148210862470045A1A3 /* net_dns_task.c in Sources */ = {isa = PBXBuildFile; fileRef = C9C4B138210862460045A1A3 /* net_dns_task.c */; };
		C9C4B149210862470045A1A3 /* net_dns_manage.c in Sources */ = {isa = PBXBuildFile; fileRef = C9C4B139210862460045A1A3 /* net_dns_manage.c */; };
		C9C4B14A210862470045A1A3 /* net_dns_task_ctx.c in Sources */ = {isa = PBXBuildFile; fileRef = C9C4B13A210862460045A1A3 /* net_dns_task_ctx.c */; };
		C9C4B14B210862470045A1A3 /* net_dns_task_step.c in Sources */ = {isa = PBXBuildFile; fileRef = C9C4B13C210862460045A1A3 /* net_dns_task_step.c */; };
		C9C4B14C210862470045A1A3 /* net_dns_entry_item.c in Sources */ = {isa = PBXBuildFile; fileRef = C9C4B13D210862460045A1A3 /* net_dns_entry_item.c */; };
		C9C4B14D210862470045A1A3 /* net_dns_entry.c in Sources */ = {isa = PBXBuildFile; fileRef = C9C4B141210862470045A1A3 /* net_dns_entry.c */; };
		C9C4B157210862550045A1A3 /* net_socks5_svr_endpoint.c in Sources */ = {isa = PBXBuildFile; fileRef = C9C4B150210862550045A1A3 /* net_socks5_svr_endpoint.c */; };
		C9C4B158210862550045A1A3 /* net_socks5_svr.c in Sources */ = {isa = PBXBuildFile; fileRef = C9C4B153210862550045A1A3 /* net_socks5_svr.c */; };
		C9C4B162210862630045A1A3 /* net_router_schedule.c in Sources */ = {isa = PBXBuildFile; fileRef = C9C4B15E210862630045A1A3 /* net_router_schedule.c */; };
		C9C4B163210862630045A1A3 /* net_router.c in Sources */ = {isa = PBXBuildFile; fileRef = C9C4B161210862630045A1A3 /* net_router.c */; };
		C9CD6E252121252B00F6413D /* net_dns_svr_itf.c in Sources */ = {isa = PBXBuildFile; fileRef = C9CD6E242121252B00F6413D /* net_dns_svr_itf.c */; };
		C9CD6E2B2121286800F6413D /* net_dns_svr_protocol.c in Sources */ = {isa = PBXBuildFile; fileRef = C9CD6E272121286800F6413D /* net_dns_svr_protocol.c */; };
		C9CD6E2C2121286800F6413D /* net_dns_svr_endpoint.c in Sources */ = {isa = PBXBuildFile; fileRef = C9CD6E2A2121286800F6413D /* net_dns_svr_endpoint.c */; };
		C9F3115F21094392006A7621 /* wslay_stack.c in Sources */ = {isa = PBXBuildFile; fileRef = C9F3115521094392006A7621 /* wslay_stack.c */; };
		C9F3116021094392006A7621 /* wslay_net.c in Sources */ = {isa = PBXBuildFile; fileRef = C9F3115721094392006A7621 /* wslay_net.c */; };
		C9F3116121094392006A7621 /* wslay_queue.c in Sources */ = {isa = PBXBuildFile; fileRef = C9F3115821094392006A7621 /* wslay_queue.c */; };
		C9F3116221094392006A7621 /* wslay_event.c in Sources */ = {isa = PBXBuildFile; fileRef = C9F3115A21094392006A7621 /* wslay_event.c */; };
		C9F3116321094392006A7621 /* wslay_frame.c in Sources */ = {isa = PBXBuildFile; fileRef = C9F3115E21094392006A7621 /* wslay_frame.c */; };
		C9F31199210960A3006A7621 /* net_ws_cli_endpoint.c in Sources */ = {isa = PBXBuildFile; fileRef = C9F31192210960A3006A7621 /* net_ws_cli_endpoint.c */; };
		C9F3119A210960A3006A7621 /* net_ws_cli_protocol.c in Sources */ = {isa = PBXBuildFile; fileRef = C9F31193210960A3006A7621 /* net_ws_cli_protocol.c */; };
/* End PBXBuildFile section */

/* Begin PBXCopyFilesBuildPhase section */
		C91E1F052105FEA80080FAD8 /* CopyFiles */ = {
			isa = PBXCopyFilesBuildPhase;
			buildActionMask = 2147483647;
			dstPath = "include/$(PRODUCT_NAME)";
			dstSubfolderSpec = 16;
			files = (
			);
			runOnlyForDeploymentPostprocessing = 0;
		};
		C9323A4F2105E2E3005DD3C0 /* CopyFiles */ = {
			isa = PBXCopyFilesBuildPhase;
			buildActionMask = 2147483647;
			dstPath = "include/$(PRODUCT_NAME)";
			dstSubfolderSpec = 16;
			files = (
			);
			runOnlyForDeploymentPostprocessing = 0;
		};
		C9415A932121058E00400779 /* CopyFiles */ = {
			isa = PBXCopyFilesBuildPhase;
			buildActionMask = 2147483647;
			dstPath = "include/$(PRODUCT_NAME)";
			dstSubfolderSpec = 16;
			files = (
			);
			runOnlyForDeploymentPostprocessing = 0;
		};
		C96A82D621100505000CB30D /* CopyFiles */ = {
			isa = PBXCopyFilesBuildPhase;
			buildActionMask = 2147483647;
			dstPath = "include/$(PRODUCT_NAME)";
			dstSubfolderSpec = 16;
			files = (
			);
			runOnlyForDeploymentPostprocessing = 0;
		};
		C9B0C44D2123F30F008DB367 /* CopyFiles */ = {
			isa = PBXCopyFilesBuildPhase;
			buildActionMask = 2147483647;
			dstPath = "include/$(PRODUCT_NAME)";
			dstSubfolderSpec = 16;
			files = (
			);
			runOnlyForDeploymentPostprocessing = 0;
		};
		C9C4B0F9210861940045A1A3 /* CopyFiles */ = {
			isa = PBXCopyFilesBuildPhase;
			buildActionMask = 2147483647;
			dstPath = "include/$(PRODUCT_NAME)";
			dstSubfolderSpec = 16;
			files = (
			);
			runOnlyForDeploymentPostprocessing = 0;
		};
		C9C4B106210861A70045A1A3 /* CopyFiles */ = {
			isa = PBXCopyFilesBuildPhase;
			buildActionMask = 2147483647;
			dstPath = "include/$(PRODUCT_NAME)";
			dstSubfolderSpec = 16;
			files = (
			);
			runOnlyForDeploymentPostprocessing = 0;
		};
		C9C4B113210861B50045A1A3 /* CopyFiles */ = {
			isa = PBXCopyFilesBuildPhase;
			buildActionMask = 2147483647;
			dstPath = "include/$(PRODUCT_NAME)";
			dstSubfolderSpec = 16;
			files = (
			);
			runOnlyForDeploymentPostprocessing = 0;
		};
		C9F311432109433C006A7621 /* CopyFiles */ = {
			isa = PBXCopyFilesBuildPhase;
			buildActionMask = 2147483647;
			dstPath = "include/$(PRODUCT_NAME)";
			dstSubfolderSpec = 16;
			files = (
			);
			runOnlyForDeploymentPostprocessing = 0;
		};
		C9F3117821095931006A7621 /* CopyFiles */ = {
			isa = PBXCopyFilesBuildPhase;
			buildActionMask = 2147483647;
			dstPath = "include/$(PRODUCT_NAME)";
			dstSubfolderSpec = 16;
			files = (
			);
			runOnlyForDeploymentPostprocessing = 0;
		};
/* End PBXCopyFilesBuildPhase section */

/* Begin PBXFileReference section */
		C91E1EB42105E4150080FAD8 /* net_protocol.h */ = {isa = PBXFileReference; fileEncoding = 4; lastKnownFileType = sourcecode.c.h; path = net_protocol.h; sourceTree = "<group>"; };
		C91E1EB52105E4150080FAD8 /* net_endpoint.h */ = {isa = PBXFileReference; fileEncoding = 4; lastKnownFileType = sourcecode.c.h; path = net_endpoint.h; sourceTree = "<group>"; };
		C91E1EB62105E4150080FAD8 /* net_dns_query.h */ = {isa = PBXFileReference; fileEncoding = 4; lastKnownFileType = sourcecode.c.h; path = net_dns_query.h; sourceTree = "<group>"; };
		C91E1EB72105E4150080FAD8 /* net_endpoint_stream.h */ = {isa = PBXFileReference; fileEncoding = 4; lastKnownFileType = sourcecode.c.h; path = net_endpoint_stream.h; sourceTree = "<group>"; };
		C91E1EB82105E4150080FAD8 /* net_link.h */ = {isa = PBXFileReference; fileEncoding = 4; lastKnownFileType = sourcecode.c.h; path = net_link.h; sourceTree = "<group>"; };
		C91E1EB92105E4150080FAD8 /* net_common.h */ = {isa = PBXFileReference; fileEncoding = 4; lastKnownFileType = sourcecode.c.h; path = net_common.h; sourceTree = "<group>"; };
		C91E1EBA2105E4150080FAD8 /* net_address_matcher.h */ = {isa = PBXFileReference; fileEncoding = 4; lastKnownFileType = sourcecode.c.h; path = net_address_matcher.h; sourceTree = "<group>"; };
		C91E1EBB2105E4150080FAD8 /* net_dgram.h */ = {isa = PBXFileReference; fileEncoding = 4; lastKnownFileType = sourcecode.c.h; path = net_dgram.h; sourceTree = "<group>"; };
		C91E1EBC2105E4150080FAD8 /* net_system.h */ = {isa = PBXFileReference; fileEncoding = 4; lastKnownFileType = sourcecode.c.h; path = net_system.h; sourceTree = "<group>"; };
		C91E1EBD2105E4150080FAD8 /* net_endpoint_monitor.h */ = {isa = PBXFileReference; fileEncoding = 4; lastKnownFileType = sourcecode.c.h; path = net_endpoint_monitor.h; sourceTree = "<group>"; };
		C91E1EBE2105E4150080FAD8 /* net_schedule.h */ = {isa = PBXFileReference; fileEncoding = 4; lastKnownFileType = sourcecode.c.h; path = net_schedule.h; sourceTree = "<group>"; };
		C91E1EBF2105E4150080FAD8 /* net_timer.h */ = {isa = PBXFileReference; fileEncoding = 4; lastKnownFileType = sourcecode.c.h; path = net_timer.h; sourceTree = "<group>"; };
		C91E1EC02105E4150080FAD8 /* net_address.h */ = {isa = PBXFileReference; fileEncoding = 4; lastKnownFileType = sourcecode.c.h; path = net_address.h; sourceTree = "<group>"; };
		C91E1EC12105E4150080FAD8 /* net_driver.h */ = {isa = PBXFileReference; fileEncoding = 4; lastKnownFileType = sourcecode.c.h; path = net_driver.h; sourceTree = "<group>"; };
		C91E1EC22105E4150080FAD8 /* net_ipset.h */ = {isa = PBXFileReference; fileEncoding = 4; lastKnownFileType = sourcecode.c.h; path = net_ipset.h; sourceTree = "<group>"; };
		C91E1EC42105E4160080FAD8 /* net_address_matcher_i.h */ = {isa = PBXFileReference; fileEncoding = 4; lastKnownFileType = sourcecode.c.h; path = net_address_matcher_i.h; sourceTree = "<group>"; };
		C91E1EC52105E4160080FAD8 /* net_endpoint_link_to.c */ = {isa = PBXFileReference; fileEncoding = 4; lastKnownFileType = sourcecode.c.c; path = net_endpoint_link_to.c; sourceTree = "<group>"; };
		C91E1EC62105E4160080FAD8 /* net_timer.c */ = {isa = PBXFileReference; fileEncoding = 4; lastKnownFileType = sourcecode.c.c; path = net_timer.c; sourceTree = "<group>"; };
		C91E1EC72105E4160080FAD8 /* net_address.c */ = {isa = PBXFileReference; fileEncoding = 4; lastKnownFileType = sourcecode.c.c; path = net_address.c; sourceTree = "<group>"; };
		C91E1EC82105E4160080FAD8 /* net_address_rule_i.h */ = {isa = PBXFileReference; fileEncoding = 4; lastKnownFileType = sourcecode.c.h; path = net_address_rule_i.h; sourceTree = "<group>"; };
		C91E1EC92105E4160080FAD8 /* net_schedule.c */ = {isa = PBXFileReference; fileEncoding = 4; lastKnownFileType = sourcecode.c.c; path = net_schedule.c; sourceTree = "<group>"; };
		C91E1ECA2105E4160080FAD8 /* net_endpoint_monitor.c */ = {isa = PBXFileReference; fileEncoding = 4; lastKnownFileType = sourcecode.c.c; path = net_endpoint_monitor.c; sourceTree = "<group>"; };
		C91E1ECB2105E4160080FAD8 /* net_endpoint_wbuf.c */ = {isa = PBXFileReference; fileEncoding = 4; lastKnownFileType = sourcecode.c.c; path = net_endpoint_wbuf.c; sourceTree = "<group>"; };
		C91E1ECC2105E4160080FAD8 /* net_ipset_node.c */ = {isa = PBXFileReference; fileEncoding = 4; lastKnownFileType = sourcecode.c.c; path = net_ipset_node.c; sourceTree = "<group>"; };
		C91E1ECD2105E4160080FAD8 /* net_ipset.c */ = {isa = PBXFileReference; fileEncoding = 4; lastKnownFileType = sourcecode.c.c; path = net_ipset.c; sourceTree = "<group>"; };
		C91E1ECE2105E4160080FAD8 /* net_ipset_ipv4.c */ = {isa = PBXFileReference; fileEncoding = 4; lastKnownFileType = sourcecode.c.c; path = net_ipset_ipv4.c; sourceTree = "<group>"; };
		C91E1ECF2105E4160080FAD8 /* net_driver.c */ = {isa = PBXFileReference; fileEncoding = 4; lastKnownFileType = sourcecode.c.c; path = net_driver.c; sourceTree = "<group>"; };
		C91E1ED02105E4160080FAD8 /* net_ipset_template.c.in */ = {isa = PBXFileReference; fileEncoding = 4; lastKnownFileType = text; path = net_ipset_template.c.in; sourceTree = "<group>"; };
		C91E1ED12105E4160080FAD8 /* net_timer_i.h */ = {isa = PBXFileReference; fileEncoding = 4; lastKnownFileType = sourcecode.c.h; path = net_timer_i.h; sourceTree = "<group>"; };
		C91E1ED22105E4160080FAD8 /* net_endpoint_i.h */ = {isa = PBXFileReference; fileEncoding = 4; lastKnownFileType = sourcecode.c.h; path = net_endpoint_i.h; sourceTree = "<group>"; };
		C91E1ED32105E4160080FAD8 /* net_driver_i.h */ = {isa = PBXFileReference; fileEncoding = 4; lastKnownFileType = sourcecode.c.h; path = net_driver_i.h; sourceTree = "<group>"; };
		C91E1ED42105E4160080FAD8 /* net_schedule_i.h */ = {isa = PBXFileReference; fileEncoding = 4; lastKnownFileType = sourcecode.c.h; path = net_schedule_i.h; sourceTree = "<group>"; };
		C91E1ED52105E4160080FAD8 /* net_ipset_node_cache.h */ = {isa = PBXFileReference; fileEncoding = 4; lastKnownFileType = sourcecode.c.h; path = net_ipset_node_cache.h; sourceTree = "<group>"; };
		C91E1ED62105E4160080FAD8 /* net_endpoint.c */ = {isa = PBXFileReference; fileEncoding = 4; lastKnownFileType = sourcecode.c.c; path = net_endpoint.c; sourceTree = "<group>"; };
		C91E1ED72105E4160080FAD8 /* net_protocol.c */ = {isa = PBXFileReference; fileEncoding = 4; lastKnownFileType = sourcecode.c.c; path = net_protocol.c; sourceTree = "<group>"; };
		C91E1ED82105E4160080FAD8 /* net_link_i.h */ = {isa = PBXFileReference; fileEncoding = 4; lastKnownFileType = sourcecode.c.h; path = net_link_i.h; sourceTree = "<group>"; };
		C91E1ED92105E4160080FAD8 /* net_address_i.h */ = {isa = PBXFileReference; fileEncoding = 4; lastKnownFileType = sourcecode.c.h; path = net_address_i.h; sourceTree = "<group>"; };
		C91E1EDA2105E4160080FAD8 /* net_endpoint_rbuf.c */ = {isa = PBXFileReference; fileEncoding = 4; lastKnownFileType = sourcecode.c.c; path = net_endpoint_rbuf.c; sourceTree = "<group>"; };
		C91E1EDB2105E4160080FAD8 /* net_ipset_i.h */ = {isa = PBXFileReference; fileEncoding = 4; lastKnownFileType = sourcecode.c.h; path = net_ipset_i.h; sourceTree = "<group>"; };
		C91E1EDC2105E4160080FAD8 /* net_direct_endpoint.c */ = {isa = PBXFileReference; fileEncoding = 4; lastKnownFileType = sourcecode.c.c; path = net_direct_endpoint.c; sourceTree = "<group>"; };
		C91E1EDD2105E4160080FAD8 /* net_endpoint_fbuf.c */ = {isa = PBXFileReference; fileEncoding = 4; lastKnownFileType = sourcecode.c.c; path = net_endpoint_fbuf.c; sourceTree = "<group>"; };
		C91E1EDE2105E4160080FAD8 /* net_endpoint_stream.c */ = {isa = PBXFileReference; fileEncoding = 4; lastKnownFileType = sourcecode.c.c; path = net_endpoint_stream.c; sourceTree = "<group>"; };
		C91E1EDF2105E4160080FAD8 /* net_link.c */ = {isa = PBXFileReference; fileEncoding = 4; lastKnownFileType = sourcecode.c.c; path = net_link.c; sourceTree = "<group>"; };
		C91E1EE02105E4160080FAD8 /* net_dns_query.c */ = {isa = PBXFileReference; fileEncoding = 4; lastKnownFileType = sourcecode.c.c; path = net_dns_query.c; sourceTree = "<group>"; };
		C91E1EE12105E4160080FAD8 /* net_dgram_i.h */ = {isa = PBXFileReference; fileEncoding = 4; lastKnownFileType = sourcecode.c.h; path = net_dgram_i.h; sourceTree = "<group>"; };
		C91E1EE22105E4160080FAD8 /* net_protocol_i.h */ = {isa = PBXFileReference; fileEncoding = 4; lastKnownFileType = sourcecode.c.h; path = net_protocol_i.h; sourceTree = "<group>"; };
		C91E1EE32105E4160080FAD8 /* net_dns_query_i.h */ = {isa = PBXFileReference; fileEncoding = 4; lastKnownFileType = sourcecode.c.h; path = net_dns_query_i.h; sourceTree = "<group>"; };
		C91E1EE42105E4160080FAD8 /* net_dgram.c */ = {isa = PBXFileReference; fileEncoding = 4; lastKnownFileType = sourcecode.c.c; path = net_dgram.c; sourceTree = "<group>"; };
		C91E1EE52105E4160080FAD8 /* net_address_matcher.c */ = {isa = PBXFileReference; fileEncoding = 4; lastKnownFileType = sourcecode.c.c; path = net_address_matcher.c; sourceTree = "<group>"; };
		C91E1EE62105E4160080FAD8 /* net_ipset_ipv6.c */ = {isa = PBXFileReference; fileEncoding = 4; lastKnownFileType = sourcecode.c.c; path = net_ipset_ipv6.c; sourceTree = "<group>"; };
		C91E1EE72105E4160080FAD8 /* net_ipset_node.h */ = {isa = PBXFileReference; fileEncoding = 4; lastKnownFileType = sourcecode.c.h; path = net_ipset_node.h; sourceTree = "<group>"; };
		C91E1EE82105E4160080FAD8 /* net_endpoint_monitor_i.h */ = {isa = PBXFileReference; fileEncoding = 4; lastKnownFileType = sourcecode.c.h; path = net_endpoint_monitor_i.h; sourceTree = "<group>"; };
		C91E1EE92105E4160080FAD8 /* net_ipset_node_cache.c */ = {isa = PBXFileReference; fileEncoding = 4; lastKnownFileType = sourcecode.c.c; path = net_ipset_node_cache.c; sourceTree = "<group>"; };
		C91E1EEA2105E4160080FAD8 /* net_direct_endpoint_i.h */ = {isa = PBXFileReference; fileEncoding = 4; lastKnownFileType = sourcecode.c.h; path = net_direct_endpoint_i.h; sourceTree = "<group>"; };
		C91E1EEB2105E4160080FAD8 /* net_address_rule.c */ = {isa = PBXFileReference; fileEncoding = 4; lastKnownFileType = sourcecode.c.c; path = net_address_rule.c; sourceTree = "<group>"; };
		C91E1F072105FEA80080FAD8 /* libnet_driver_ne.a */ = {isa = PBXFileReference; explicitFileType = archive.ar; includeInIndex = 0; path = libnet_driver_ne.a; sourceTree = BUILT_PRODUCTS_DIR; };
		C91E1F142105FF000080FAD8 /* net_ne_driver.m */ = {isa = PBXFileReference; fileEncoding = 4; lastKnownFileType = sourcecode.c.objc; path = net_ne_driver.m; sourceTree = "<group>"; };
		C91E1F152105FF000080FAD8 /* net_ne_dgram.m */ = {isa = PBXFileReference; fileEncoding = 4; lastKnownFileType = sourcecode.c.objc; path = net_ne_dgram.m; sourceTree = "<group>"; };
		C91E1F182105FF000080FAD8 /* net_ne_driver_i.h */ = {isa = PBXFileReference; fileEncoding = 4; lastKnownFileType = sourcecode.c.h; path = net_ne_driver_i.h; sourceTree = "<group>"; };
		C91E1F192105FF000080FAD8 /* net_ne_endpoint.h */ = {isa = PBXFileReference; fileEncoding = 4; lastKnownFileType = sourcecode.c.h; path = net_ne_endpoint.h; sourceTree = "<group>"; };
		C91E1F1A2105FF000080FAD8 /* net_ne_dgram.h */ = {isa = PBXFileReference; fileEncoding = 4; lastKnownFileType = sourcecode.c.h; path = net_ne_dgram.h; sourceTree = "<group>"; };
		C91E1F1C2105FF000080FAD8 /* net_ne_types.h */ = {isa = PBXFileReference; fileEncoding = 4; lastKnownFileType = sourcecode.c.h; path = net_ne_types.h; sourceTree = "<group>"; };
		C91E1F1E2105FF000080FAD8 /* net_ne_driver.h */ = {isa = PBXFileReference; fileEncoding = 4; lastKnownFileType = sourcecode.c.h; path = net_ne_driver.h; sourceTree = "<group>"; };
		C91E1F2C2106AC3C0080FAD8 /* net_ne_utils.h */ = {isa = PBXFileReference; fileEncoding = 4; lastKnownFileType = sourcecode.c.h; path = net_ne_utils.h; sourceTree = "<group>"; };
		C91E1F2D2106AC3C0080FAD8 /* net_ne_utils.m */ = {isa = PBXFileReference; fileEncoding = 4; lastKnownFileType = sourcecode.c.objc; path = net_ne_utils.m; sourceTree = "<group>"; };
		C91E1F2F2106BA690080FAD8 /* net_ne_dgram_session.m */ = {isa = PBXFileReference; fileEncoding = 4; lastKnownFileType = sourcecode.c.objc; path = net_ne_dgram_session.m; sourceTree = "<group>"; };
		C91E1F302106BA690080FAD8 /* net_ne_dgram_session.h */ = {isa = PBXFileReference; fileEncoding = 4; lastKnownFileType = sourcecode.c.h; path = net_ne_dgram_session.h; sourceTree = "<group>"; };
		C91E1F3621076E1F0080FAD8 /* net_ne_endpoint.m */ = {isa = PBXFileReference; fileEncoding = 4; lastKnownFileType = sourcecode.c.objc; path = net_ne_endpoint.m; sourceTree = "<group>"; };
		C9323A512105E2E3005DD3C0 /* libnet_core.a */ = {isa = PBXFileReference; explicitFileType = archive.ar; includeInIndex = 0; path = libnet_core.a; sourceTree = BUILT_PRODUCTS_DIR; };
		C9415A952121058E00400779 /* libnet_dns_svr.a */ = {isa = PBXFileReference; explicitFileType = archive.ar; includeInIndex = 0; path = libnet_dns_svr.a; sourceTree = BUILT_PRODUCTS_DIR; };
		C9415A9F212105CF00400779 /* net_dns_svr.c */ = {isa = PBXFileReference; fileEncoding = 4; lastKnownFileType = sourcecode.c.c; path = net_dns_svr.c; sourceTree = "<group>"; };
		C9415AA0212105CF00400779 /* net_dns_svr_i.h */ = {isa = PBXFileReference; fileEncoding = 4; lastKnownFileType = sourcecode.c.h; path = net_dns_svr_i.h; sourceTree = "<group>"; };
		C9415AA2212105CF00400779 /* net_dns_svr_types.h */ = {isa = PBXFileReference; fileEncoding = 4; lastKnownFileType = sourcecode.c.h; path = net_dns_svr_types.h; sourceTree = "<group>"; };
		C9415AA3212105CF00400779 /* net_dns_svr.h */ = {isa = PBXFileReference; fileEncoding = 4; lastKnownFileType = sourcecode.c.h; path = net_dns_svr.h; sourceTree = "<group>"; };
		C9506CD02127A82A0015DDBC /* net_dns_source_ns.h */ = {isa = PBXFileReference; fileEncoding = 4; lastKnownFileType = sourcecode.c.h; path = net_dns_source_ns.h; sourceTree = "<group>"; };
		C9506CD12127A83F0015DDBC /* net_dns_source_ns_i.h */ = {isa = PBXFileReference; fileEncoding = 4; lastKnownFileType = sourcecode.c.h; path = net_dns_source_ns_i.h; sourceTree = "<group>"; };
		C9506CD22127A83F0015DDBC /* net_dns_source_ns.c */ = {isa = PBXFileReference; fileEncoding = 4; lastKnownFileType = sourcecode.c.c; path = net_dns_source_ns.c; sourceTree = "<group>"; };
		C9506CD32127A83F0015DDBC /* net_dns_cli_endpoint_i.h */ = {isa = PBXFileReference; fileEncoding = 4; lastKnownFileType = sourcecode.c.h; path = net_dns_cli_endpoint_i.h; sourceTree = "<group>"; };
		C9506CD42127A8400015DDBC /* net_dns_cli_protocol_i.h */ = {isa = PBXFileReference; fileEncoding = 4; lastKnownFileType = sourcecode.c.h; path = net_dns_cli_protocol_i.h; sourceTree = "<group>"; };
		C9506CD52127A8400015DDBC /* net_dns_cli_protocol.c */ = {isa = PBXFileReference; fileEncoding = 4; lastKnownFileType = sourcecode.c.c; path = net_dns_cli_protocol.c; sourceTree = "<group>"; };
		C9506CD62127A8400015DDBC /* net_dns_cli_endpoint.c */ = {isa = PBXFileReference; fileEncoding = 4; lastKnownFileType = sourcecode.c.c; path = net_dns_cli_endpoint.c; sourceTree = "<group>"; };
		C9506CDA2127ABE90015DDBC /* net_dns_scope_i.h */ = {isa = PBXFileReference; fileEncoding = 4; lastKnownFileType = sourcecode.c.h; path = net_dns_scope_i.h; sourceTree = "<group>"; };
		C9506CDB2127ABE90015DDBC /* net_dns_scope.c */ = {isa = PBXFileReference; fileEncoding = 4; lastKnownFileType = sourcecode.c.c; path = net_dns_scope.c; sourceTree = "<group>"; };
		C9506CDD2127ABF10015DDBC /* net_dns_scope.h */ = {isa = PBXFileReference; fileEncoding = 4; lastKnownFileType = sourcecode.c.h; path = net_dns_scope.h; sourceTree = "<group>"; };
		C9506CDE212819510015DDBC /* net_proxy_http_svr_endpoint_basic_rsp.c */ = {isa = PBXFileReference; fileEncoding = 4; lastKnownFileType = sourcecode.c.c; path = net_proxy_http_svr_endpoint_basic_rsp.c; sourceTree = "<group>"; };
		C9506CDF212819510015DDBC /* net_proxy_http_svr_endpoint_basic_req.c */ = {isa = PBXFileReference; fileEncoding = 4; lastKnownFileType = sourcecode.c.c; path = net_proxy_http_svr_endpoint_basic_req.c; sourceTree = "<group>"; };
		C96A82D821100505000CB30D /* libnet_driver_dq.a */ = {isa = PBXFileReference; explicitFileType = archive.ar; includeInIndex = 0; path = libnet_driver_dq.a; sourceTree = BUILT_PRODUCTS_DIR; };
		C96A82E22110054D000CB30D /* net_dq_driver.m */ = {isa = PBXFileReference; fileEncoding = 4; lastKnownFileType = sourcecode.c.objc; path = net_dq_driver.m; sourceTree = "<group>"; };
		C96A82E32110054D000CB30D /* net_dq_timer.h */ = {isa = PBXFileReference; fileEncoding = 4; lastKnownFileType = sourcecode.c.h; path = net_dq_timer.h; sourceTree = "<group>"; };
		C96A82E42110054D000CB30D /* net_dq_acceptor.m */ = {isa = PBXFileReference; fileEncoding = 4; lastKnownFileType = sourcecode.c.objc; path = net_dq_acceptor.m; sourceTree = "<group>"; };
		C96A82E52110054D000CB30D /* net_dq_acceptor_i.h */ = {isa = PBXFileReference; fileEncoding = 4; lastKnownFileType = sourcecode.c.h; path = net_dq_acceptor_i.h; sourceTree = "<group>"; };
		C96A82E62110054D000CB30D /* net_dq_endpoint.m */ = {isa = PBXFileReference; fileEncoding = 4; lastKnownFileType = sourcecode.c.objc; path = net_dq_endpoint.m; sourceTree = "<group>"; };
		C96A82E72110054D000CB30D /* net_dq_dgram.m */ = {isa = PBXFileReference; fileEncoding = 4; lastKnownFileType = sourcecode.c.objc; path = net_dq_dgram.m; sourceTree = "<group>"; };
		C96A82E82110054D000CB30D /* net_dq_timer.m */ = {isa = PBXFileReference; fileEncoding = 4; lastKnownFileType = sourcecode.c.objc; path = net_dq_timer.m; sourceTree = "<group>"; };
		C96A82E92110054D000CB30D /* net_dq_driver_i.h */ = {isa = PBXFileReference; fileEncoding = 4; lastKnownFileType = sourcecode.c.h; path = net_dq_driver_i.h; sourceTree = "<group>"; };
		C96A82EA2110054D000CB30D /* net_dq_dgram.h */ = {isa = PBXFileReference; fileEncoding = 4; lastKnownFileType = sourcecode.c.h; path = net_dq_dgram.h; sourceTree = "<group>"; };
		C96A82EB2110054D000CB30D /* net_dq_endpoint.h */ = {isa = PBXFileReference; fileEncoding = 4; lastKnownFileType = sourcecode.c.h; path = net_dq_endpoint.h; sourceTree = "<group>"; };
		C96A82ED2110054D000CB30D /* net_dq_types.h */ = {isa = PBXFileReference; fileEncoding = 4; lastKnownFileType = sourcecode.c.h; path = net_dq_types.h; sourceTree = "<group>"; };
		C96A82EE2110054D000CB30D /* net_dq_driver.h */ = {isa = PBXFileReference; fileEncoding = 4; lastKnownFileType = sourcecode.c.h; path = net_dq_driver.h; sourceTree = "<group>"; };
		C96A830D2110273D000CB30D /* net_acceptor.h */ = {isa = PBXFileReference; fileEncoding = 4; lastKnownFileType = sourcecode.c.h; path = net_acceptor.h; sourceTree = "<group>"; };
		C96A830E21102747000CB30D /* net_acceptor.c */ = {isa = PBXFileReference; fileEncoding = 4; lastKnownFileType = sourcecode.c.c; path = net_acceptor.c; sourceTree = "<group>"; };
		C96A830F21102748000CB30D /* net_acceptor_i.h */ = {isa = PBXFileReference; fileEncoding = 4; lastKnownFileType = sourcecode.c.h; path = net_acceptor_i.h; sourceTree = "<group>"; };
		C99AAEB321215523001FA074 /* net_dns_svr_query.c */ = {isa = PBXFileReference; fileEncoding = 4; lastKnownFileType = sourcecode.c.c; path = net_dns_svr_query.c; sourceTree = "<group>"; };
		C99AAEB421215523001FA074 /* net_dns_svr_query_i.h */ = {isa = PBXFileReference; fileEncoding = 4; lastKnownFileType = sourcecode.c.h; path = net_dns_svr_query_i.h; sourceTree = "<group>"; };
		C99AAEB82121805F001FA074 /* net_dns_svr_query_entry.c */ = {isa = PBXFileReference; fileEncoding = 4; lastKnownFileType = sourcecode.c.c; path = net_dns_svr_query_entry.c; sourceTree = "<group>"; };
		C99AAEB92121805F001FA074 /* net_dns_svr_query_entry_i.h */ = {isa = PBXFileReference; fileEncoding = 4; lastKnownFileType = sourcecode.c.h; path = net_dns_svr_query_entry_i.h; sourceTree = "<group>"; };
		C99AAEBB21218819001FA074 /* net_dns_svr_query_process.c */ = {isa = PBXFileReference; fileEncoding = 4; lastKnownFileType = sourcecode.c.c; path = net_dns_svr_query_process.c; sourceTree = "<group>"; };
		C99C3FEE21250FDF00E985D2 /* net_proxy_http_svr_endpoint_tunnel.c */ = {isa = PBXFileReference; fileEncoding = 4; lastKnownFileType = sourcecode.c.c; path = net_proxy_http_svr_endpoint_tunnel.c; sourceTree = "<group>"; };
		C9B0C44F2123F30F008DB367 /* libnet_protocol_proxy_http.a */ = {isa = PBXFileReference; explicitFileType = archive.ar; includeInIndex = 0; path = libnet_protocol_proxy_http.a; sourceTree = BUILT_PRODUCTS_DIR; };
		C9B0C4672123F35F008DB367 /* net_proxy_http_types.h */ = {isa = PBXFileReference; fileEncoding = 4; lastKnownFileType = sourcecode.c.h; path = net_proxy_http_types.h; sourceTree = "<group>"; };
		C9B0C4682123F35F008DB367 /* net_proxy_http_svr_endpoint.h */ = {isa = PBXFileReference; fileEncoding = 4; lastKnownFileType = sourcecode.c.h; path = net_proxy_http_svr_endpoint.h; sourceTree = "<group>"; };
		C9B0C46A2123F35F008DB367 /* net_proxy_http_svr_endpoint_i.h */ = {isa = PBXFileReference; fileEncoding = 4; lastKnownFileType = sourcecode.c.h; path = net_proxy_http_svr_endpoint_i.h; sourceTree = "<group>"; };
		C9B0C46B2123F35F008DB367 /* net_proxy_http_svr_endpoint.c */ = {isa = PBXFileReference; fileEncoding = 4; lastKnownFileType = sourcecode.c.c; path = net_proxy_http_svr_endpoint.c; sourceTree = "<group>"; };
		C9B0C4852124098E008DB367 /* net_proxy_http_svr_protocol.h */ = {isa = PBXFileReference; fileEncoding = 4; lastKnownFileType = sourcecode.c.h; path = net_proxy_http_svr_protocol.h; sourceTree = "<group>"; };
		C9B0C4862124099F008DB367 /* net_proxy_http_svr_protocol_i.h */ = {isa = PBXFileReference; fileEncoding = 4; lastKnownFileType = sourcecode.c.h; path = net_proxy_http_svr_protocol_i.h; sourceTree = "<group>"; };
		C9B0C4872124099F008DB367 /* net_proxy_http_svr_protocol.c */ = {isa = PBXFileReference; fileEncoding = 4; lastKnownFileType = sourcecode.c.c; path = net_proxy_http_svr_protocol.c; sourceTree = "<group>"; };
		C9C4B0FB210861940045A1A3 /* libnet_dns.a */ = {isa = PBXFileReference; explicitFileType = archive.ar; includeInIndex = 0; path = libnet_dns.a; sourceTree = BUILT_PRODUCTS_DIR; };
		C9C4B108210861A70045A1A3 /* libnet_protocol_socks5.a */ = {isa = PBXFileReference; explicitFileType = archive.ar; includeInIndex = 0; path = libnet_protocol_socks5.a; sourceTree = BUILT_PRODUCTS_DIR; };
		C9C4B115210861B50045A1A3 /* libnet_router.a */ = {isa = PBXFileReference; explicitFileType = archive.ar; includeInIndex = 0; path = libnet_router.a; sourceTree = BUILT_PRODUCTS_DIR; };
		C9C4B11F210862460045A1A3 /* net_dns_source.h */ = {isa = PBXFileReference; fileEncoding = 4; lastKnownFileType = sourcecode.c.h; path = net_dns_source.h; sourceTree = "<group>"; };
		C9C4B121210862460045A1A3 /* net_dns_entry_item.h */ = {isa = PBXFileReference; fileEncoding = 4; lastKnownFileType = sourcecode.c.h; path = net_dns_entry_item.h; sourceTree = "<group>"; };
		C9C4B122210862460045A1A3 /* net_dns_task_step.h */ = {isa = PBXFileReference; fileEncoding = 4; lastKnownFileType = sourcecode.c.h; path = net_dns_task_step.h; sourceTree = "<group>"; };
		C9C4B123210862460045A1A3 /* net_dns_task_ctx.h */ = {isa = PBXFileReference; fileEncoding = 4; lastKnownFileType = sourcecode.c.h; path = net_dns_task_ctx.h; sourceTree = "<group>"; };
		C9C4B124210862460045A1A3 /* net_dns_manage.h */ = {isa = PBXFileReference; fileEncoding = 4; lastKnownFileType = sourcecode.c.h; path = net_dns_manage.h; sourceTree = "<group>"; };
		C9C4B125210862460045A1A3 /* net_dns_task.h */ = {isa = PBXFileReference; fileEncoding = 4; lastKnownFileType = sourcecode.c.h; path = net_dns_task.h; sourceTree = "<group>"; };
		C9C4B126210862460045A1A3 /* net_dns_entry.h */ = {isa = PBXFileReference; fileEncoding = 4; lastKnownFileType = sourcecode.c.h; path = net_dns_entry.h; sourceTree = "<group>"; };
		C9C4B127210862460045A1A3 /* net_dns_system.h */ = {isa = PBXFileReference; fileEncoding = 4; lastKnownFileType = sourcecode.c.h; path = net_dns_system.h; sourceTree = "<group>"; };
		C9C4B128210862460045A1A3 /* net_dns_task_builder.h */ = {isa = PBXFileReference; fileEncoding = 4; lastKnownFileType = sourcecode.c.h; path = net_dns_task_builder.h; sourceTree = "<group>"; };
		C9C4B12B210862460045A1A3 /* net_dns_query_ex_i.h */ = {isa = PBXFileReference; fileEncoding = 4; lastKnownFileType = sourcecode.c.h; path = net_dns_query_ex_i.h; sourceTree = "<group>"; };
		C9C4B12E210862460045A1A3 /* net_dns_task_i.h */ = {isa = PBXFileReference; fileEncoding = 4; lastKnownFileType = sourcecode.c.h; path = net_dns_task_i.h; sourceTree = "<group>"; };
		C9C4B130210862460045A1A3 /* net_dns_entry_item_i.h */ = {isa = PBXFileReference; fileEncoding = 4; lastKnownFileType = sourcecode.c.h; path = net_dns_entry_item_i.h; sourceTree = "<group>"; };
		C9C4B131210862460045A1A3 /* net_dns_task_builder.c */ = {isa = PBXFileReference; fileEncoding = 4; lastKnownFileType = sourcecode.c.c; path = net_dns_task_builder.c; sourceTree = "<group>"; };
		C9C4B132210862460045A1A3 /* net_dns_source.c */ = {isa = PBXFileReference; fileEncoding = 4; lastKnownFileType = sourcecode.c.c; path = net_dns_source.c; sourceTree = "<group>"; };
		C9C4B133210862460045A1A3 /* net_dns_manage_conf.c */ = {isa = PBXFileReference; fileEncoding = 4; lastKnownFileType = sourcecode.c.c; path = net_dns_manage_conf.c; sourceTree = "<group>"; };
		C9C4B134210862460045A1A3 /* net_dns_query_ex.c */ = {isa = PBXFileReference; fileEncoding = 4; lastKnownFileType = sourcecode.c.c; path = net_dns_query_ex.c; sourceTree = "<group>"; };
		C9C4B135210862460045A1A3 /* net_dns_entry_i.h */ = {isa = PBXFileReference; fileEncoding = 4; lastKnownFileType = sourcecode.c.h; path = net_dns_entry_i.h; sourceTree = "<group>"; };
		C9C4B136210862460045A1A3 /* net_dns_source_i.h */ = {isa = PBXFileReference; fileEncoding = 4; lastKnownFileType = sourcecode.c.h; path = net_dns_source_i.h; sourceTree = "<group>"; };
		C9C4B138210862460045A1A3 /* net_dns_task.c */ = {isa = PBXFileReference; fileEncoding = 4; lastKnownFileType = sourcecode.c.c; path = net_dns_task.c; sourceTree = "<group>"; };
		C9C4B139210862460045A1A3 /* net_dns_manage.c */ = {isa = PBXFileReference; fileEncoding = 4; lastKnownFileType = sourcecode.c.c; path = net_dns_manage.c; sourceTree = "<group>"; };
		C9C4B13A210862460045A1A3 /* net_dns_task_ctx.c */ = {isa = PBXFileReference; fileEncoding = 4; lastKnownFileType = sourcecode.c.c; path = net_dns_task_ctx.c; sourceTree = "<group>"; };
		C9C4B13B210862460045A1A3 /* net_dns_task_ctx_i.h */ = {isa = PBXFileReference; fileEncoding = 4; lastKnownFileType = sourcecode.c.h; path = net_dns_task_ctx_i.h; sourceTree = "<group>"; };
		C9C4B13C210862460045A1A3 /* net_dns_task_step.c */ = {isa = PBXFileReference; fileEncoding = 4; lastKnownFileType = sourcecode.c.c; path = net_dns_task_step.c; sourceTree = "<group>"; };
		C9C4B13D210862460045A1A3 /* net_dns_entry_item.c */ = {isa = PBXFileReference; fileEncoding = 4; lastKnownFileType = sourcecode.c.c; path = net_dns_entry_item.c; sourceTree = "<group>"; };
		C9C4B13E210862460045A1A3 /* net_dns_task_builder_i.h */ = {isa = PBXFileReference; fileEncoding = 4; lastKnownFileType = sourcecode.c.h; path = net_dns_task_builder_i.h; sourceTree = "<group>"; };
		C9C4B13F210862460045A1A3 /* net_dns_manage_i.h */ = {isa = PBXFileReference; fileEncoding = 4; lastKnownFileType = sourcecode.c.h; path = net_dns_manage_i.h; sourceTree = "<group>"; };
		C9C4B140210862460045A1A3 /* net_dns_task_step_i.h */ = {isa = PBXFileReference; fileEncoding = 4; lastKnownFileType = sourcecode.c.h; path = net_dns_task_step_i.h; sourceTree = "<group>"; };
		C9C4B141210862470045A1A3 /* net_dns_entry.c */ = {isa = PBXFileReference; fileEncoding = 4; lastKnownFileType = sourcecode.c.c; path = net_dns_entry.c; sourceTree = "<group>"; };
		C9C4B14F210862550045A1A3 /* net_socks5_svr_endpoint_i.h */ = {isa = PBXFileReference; fileEncoding = 4; lastKnownFileType = sourcecode.c.h; path = net_socks5_svr_endpoint_i.h; sourceTree = "<group>"; };
		C9C4B150210862550045A1A3 /* net_socks5_svr_endpoint.c */ = {isa = PBXFileReference; fileEncoding = 4; lastKnownFileType = sourcecode.c.c; path = net_socks5_svr_endpoint.c; sourceTree = "<group>"; };
		C9C4B151210862550045A1A3 /* net_socks5_pro.h */ = {isa = PBXFileReference; fileEncoding = 4; lastKnownFileType = sourcecode.c.h; path = net_socks5_pro.h; sourceTree = "<group>"; };
		C9C4B152210862550045A1A3 /* net_socks5_svr_i.h */ = {isa = PBXFileReference; fileEncoding = 4; lastKnownFileType = sourcecode.c.h; path = net_socks5_svr_i.h; sourceTree = "<group>"; };
		C9C4B153210862550045A1A3 /* net_socks5_svr.c */ = {isa = PBXFileReference; fileEncoding = 4; lastKnownFileType = sourcecode.c.c; path = net_socks5_svr.c; sourceTree = "<group>"; };
		C9C4B155210862550045A1A3 /* net_socks5_types.h */ = {isa = PBXFileReference; fileEncoding = 4; lastKnownFileType = sourcecode.c.h; path = net_socks5_types.h; sourceTree = "<group>"; };
		C9C4B156210862550045A1A3 /* net_socks5_svr.h */ = {isa = PBXFileReference; fileEncoding = 4; lastKnownFileType = sourcecode.c.h; path = net_socks5_svr.h; sourceTree = "<group>"; };
		C9C4B15A210862630045A1A3 /* net_router_schedule.h */ = {isa = PBXFileReference; fileEncoding = 4; lastKnownFileType = sourcecode.c.h; path = net_router_schedule.h; sourceTree = "<group>"; };
		C9C4B15B210862630045A1A3 /* net_router.h */ = {isa = PBXFileReference; fileEncoding = 4; lastKnownFileType = sourcecode.c.h; path = net_router.h; sourceTree = "<group>"; };
		C9C4B15C210862630045A1A3 /* net_router_types.h */ = {isa = PBXFileReference; fileEncoding = 4; lastKnownFileType = sourcecode.c.h; path = net_router_types.h; sourceTree = "<group>"; };
		C9C4B15E210862630045A1A3 /* net_router_schedule.c */ = {isa = PBXFileReference; fileEncoding = 4; lastKnownFileType = sourcecode.c.c; path = net_router_schedule.c; sourceTree = "<group>"; };
		C9C4B15F210862630045A1A3 /* net_router_i.h */ = {isa = PBXFileReference; fileEncoding = 4; lastKnownFileType = sourcecode.c.h; path = net_router_i.h; sourceTree = "<group>"; };
		C9C4B160210862630045A1A3 /* net_router_schedule_i.h */ = {isa = PBXFileReference; fileEncoding = 4; lastKnownFileType = sourcecode.c.h; path = net_router_schedule_i.h; sourceTree = "<group>"; };
		C9C4B161210862630045A1A3 /* net_router.c */ = {isa = PBXFileReference; fileEncoding = 4; lastKnownFileType = sourcecode.c.c; path = net_router.c; sourceTree = "<group>"; };
		C9CD6E232121252B00F6413D /* net_dns_svr_itf_i.h */ = {isa = PBXFileReference; fileEncoding = 4; lastKnownFileType = sourcecode.c.h; path = net_dns_svr_itf_i.h; sourceTree = "<group>"; };
		C9CD6E242121252B00F6413D /* net_dns_svr_itf.c */ = {isa = PBXFileReference; fileEncoding = 4; lastKnownFileType = sourcecode.c.c; path = net_dns_svr_itf.c; sourceTree = "<group>"; };
		C9CD6E262121253500F6413D /* net_dns_svr_itf.h */ = {isa = PBXFileReference; fileEncoding = 4; lastKnownFileType = sourcecode.c.h; path = net_dns_svr_itf.h; sourceTree = "<group>"; };
		C9CD6E272121286800F6413D /* net_dns_svr_protocol.c */ = {isa = PBXFileReference; fileEncoding = 4; lastKnownFileType = sourcecode.c.c; path = net_dns_svr_protocol.c; sourceTree = "<group>"; };
		C9CD6E282121286800F6413D /* net_dns_svr_endpoint_i.h */ = {isa = PBXFileReference; fileEncoding = 4; lastKnownFileType = sourcecode.c.h; path = net_dns_svr_endpoint_i.h; sourceTree = "<group>"; };
		C9CD6E292121286800F6413D /* net_dns_svr_protocol_i.h */ = {isa = PBXFileReference; fileEncoding = 4; lastKnownFileType = sourcecode.c.h; path = net_dns_svr_protocol_i.h; sourceTree = "<group>"; };
		C9CD6E2A2121286800F6413D /* net_dns_svr_endpoint.c */ = {isa = PBXFileReference; fileEncoding = 4; lastKnownFileType = sourcecode.c.c; path = net_dns_svr_endpoint.c; sourceTree = "<group>"; };
		C9F311452109433C006A7621 /* libwslay.a */ = {isa = PBXFileReference; explicitFileType = archive.ar; includeInIndex = 0; path = libwslay.a; sourceTree = BUILT_PRODUCTS_DIR; };
		C9F3115221094392006A7621 /* wslayver.h */ = {isa = PBXFileReference; fileEncoding = 4; lastKnownFileType = sourcecode.c.h; path = wslayver.h; sourceTree = "<group>"; };
		C9F3115321094392006A7621 /* wslay.h */ = {isa = PBXFileReference; fileEncoding = 4; lastKnownFileType = sourcecode.c.h; path = wslay.h; sourceTree = "<group>"; };
		C9F3115521094392006A7621 /* wslay_stack.c */ = {isa = PBXFileReference; fileEncoding = 4; lastKnownFileType = sourcecode.c.c; path = wslay_stack.c; sourceTree = "<group>"; };
		C9F3115621094392006A7621 /* wslay_event.h */ = {isa = PBXFileReference; fileEncoding = 4; lastKnownFileType = sourcecode.c.h; path = wslay_event.h; sourceTree = "<group>"; };
		C9F3115721094392006A7621 /* wslay_net.c */ = {isa = PBXFileReference; fileEncoding = 4; lastKnownFileType = sourcecode.c.c; path = wslay_net.c; sourceTree = "<group>"; };
		C9F3115821094392006A7621 /* wslay_queue.c */ = {isa = PBXFileReference; fileEncoding = 4; lastKnownFileType = sourcecode.c.c; path = wslay_queue.c; sourceTree = "<group>"; };
		C9F3115921094392006A7621 /* wslay_frame.h */ = {isa = PBXFileReference; fileEncoding = 4; lastKnownFileType = sourcecode.c.h; path = wslay_frame.h; sourceTree = "<group>"; };
		C9F3115A21094392006A7621 /* wslay_event.c */ = {isa = PBXFileReference; fileEncoding = 4; lastKnownFileType = sourcecode.c.c; path = wslay_event.c; sourceTree = "<group>"; };
		C9F3115B21094392006A7621 /* wslay_stack.h */ = {isa = PBXFileReference; fileEncoding = 4; lastKnownFileType = sourcecode.c.h; path = wslay_stack.h; sourceTree = "<group>"; };
		C9F3115C21094392006A7621 /* wslay_net.h */ = {isa = PBXFileReference; fileEncoding = 4; lastKnownFileType = sourcecode.c.h; path = wslay_net.h; sourceTree = "<group>"; };
		C9F3115D21094392006A7621 /* wslay_queue.h */ = {isa = PBXFileReference; fileEncoding = 4; lastKnownFileType = sourcecode.c.h; path = wslay_queue.h; sourceTree = "<group>"; };
		C9F3115E21094392006A7621 /* wslay_frame.c */ = {isa = PBXFileReference; fileEncoding = 4; lastKnownFileType = sourcecode.c.c; path = wslay_frame.c; sourceTree = "<group>"; };
		C9F3117A21095931006A7621 /* libnet_protocol_ws.a */ = {isa = PBXFileReference; explicitFileType = archive.ar; includeInIndex = 0; path = libnet_protocol_ws.a; sourceTree = BUILT_PRODUCTS_DIR; };
		C9F31191210960A3006A7621 /* net_ws_cli_protocol_i.h */ = {isa = PBXFileReference; fileEncoding = 4; lastKnownFileType = sourcecode.c.h; path = net_ws_cli_protocol_i.h; sourceTree = "<group>"; };
		C9F31192210960A3006A7621 /* net_ws_cli_endpoint.c */ = {isa = PBXFileReference; fileEncoding = 4; lastKnownFileType = sourcecode.c.c; path = net_ws_cli_endpoint.c; sourceTree = "<group>"; };
		C9F31193210960A3006A7621 /* net_ws_cli_protocol.c */ = {isa = PBXFileReference; fileEncoding = 4; lastKnownFileType = sourcecode.c.c; path = net_ws_cli_protocol.c; sourceTree = "<group>"; };
		C9F31194210960A3006A7621 /* net_ws_cli_endpoint_i.h */ = {isa = PBXFileReference; fileEncoding = 4; lastKnownFileType = sourcecode.c.h; path = net_ws_cli_endpoint_i.h; sourceTree = "<group>"; };
		C9F31196210960A3006A7621 /* net_ws_types.h */ = {isa = PBXFileReference; fileEncoding = 4; lastKnownFileType = sourcecode.c.h; path = net_ws_types.h; sourceTree = "<group>"; };
		C9F31197210960A3006A7621 /* net_ws_cli_protocol.h */ = {isa = PBXFileReference; fileEncoding = 4; lastKnownFileType = sourcecode.c.h; path = net_ws_cli_protocol.h; sourceTree = "<group>"; };
		C9F31198210960A3006A7621 /* net_ws_cli_endpoint.h */ = {isa = PBXFileReference; fileEncoding = 4; lastKnownFileType = sourcecode.c.h; path = net_ws_cli_endpoint.h; sourceTree = "<group>"; };
/* End PBXFileReference section */

/* Begin PBXFrameworksBuildPhase section */
		C91E1F042105FEA80080FAD8 /* Frameworks */ = {
			isa = PBXFrameworksBuildPhase;
			buildActionMask = 2147483647;
			files = (
			);
			runOnlyForDeploymentPostprocessing = 0;
		};
		C9323A4E2105E2E3005DD3C0 /* Frameworks */ = {
			isa = PBXFrameworksBuildPhase;
			buildActionMask = 2147483647;
			files = (
			);
			runOnlyForDeploymentPostprocessing = 0;
		};
		C9415A922121058E00400779 /* Frameworks */ = {
			isa = PBXFrameworksBuildPhase;
			buildActionMask = 2147483647;
			files = (
			);
			runOnlyForDeploymentPostprocessing = 0;
		};
		C96A82D521100505000CB30D /* Frameworks */ = {
			isa = PBXFrameworksBuildPhase;
			buildActionMask = 2147483647;
			files = (
			);
			runOnlyForDeploymentPostprocessing = 0;
		};
		C9B0C44C2123F30F008DB367 /* Frameworks */ = {
			isa = PBXFrameworksBuildPhase;
			buildActionMask = 2147483647;
			files = (
			);
			runOnlyForDeploymentPostprocessing = 0;
		};
		C9C4B0F8210861940045A1A3 /* Frameworks */ = {
			isa = PBXFrameworksBuildPhase;
			buildActionMask = 2147483647;
			files = (
			);
			runOnlyForDeploymentPostprocessing = 0;
		};
		C9C4B105210861A70045A1A3 /* Frameworks */ = {
			isa = PBXFrameworksBuildPhase;
			buildActionMask = 2147483647;
			files = (
			);
			runOnlyForDeploymentPostprocessing = 0;
		};
		C9C4B112210861B50045A1A3 /* Frameworks */ = {
			isa = PBXFrameworksBuildPhase;
			buildActionMask = 2147483647;
			files = (
			);
			runOnlyForDeploymentPostprocessing = 0;
		};
		C9F311422109433C006A7621 /* Frameworks */ = {
			isa = PBXFrameworksBuildPhase;
			buildActionMask = 2147483647;
			files = (
			);
			runOnlyForDeploymentPostprocessing = 0;
		};
		C9F3117721095931006A7621 /* Frameworks */ = {
			isa = PBXFrameworksBuildPhase;
			buildActionMask = 2147483647;
			files = (
			);
			runOnlyForDeploymentPostprocessing = 0;
		};
/* End PBXFrameworksBuildPhase section */

/* Begin PBXGroup section */
		C91E1EB32105E4150080FAD8 /* include */ = {
			isa = PBXGroup;
			children = (
				C96A830D2110273D000CB30D /* net_acceptor.h */,
				C91E1EB42105E4150080FAD8 /* net_protocol.h */,
				C91E1EB52105E4150080FAD8 /* net_endpoint.h */,
				C91E1EB62105E4150080FAD8 /* net_dns_query.h */,
				C91E1EB72105E4150080FAD8 /* net_endpoint_stream.h */,
				C91E1EB82105E4150080FAD8 /* net_link.h */,
				C91E1EB92105E4150080FAD8 /* net_common.h */,
				C91E1EBA2105E4150080FAD8 /* net_address_matcher.h */,
				C91E1EBB2105E4150080FAD8 /* net_dgram.h */,
				C91E1EBC2105E4150080FAD8 /* net_system.h */,
				C91E1EBD2105E4150080FAD8 /* net_endpoint_monitor.h */,
				C91E1EBE2105E4150080FAD8 /* net_schedule.h */,
				C91E1EBF2105E4150080FAD8 /* net_timer.h */,
				C91E1EC02105E4150080FAD8 /* net_address.h */,
				C91E1EC12105E4150080FAD8 /* net_driver.h */,
				C91E1EC22105E4150080FAD8 /* net_ipset.h */,
			);
			path = include;
			sourceTree = "<group>";
		};
		C91E1EC32105E4160080FAD8 /* src */ = {
			isa = PBXGroup;
			children = (
				C96A830F21102748000CB30D /* net_acceptor_i.h */,
				C96A830E21102747000CB30D /* net_acceptor.c */,
				C91E1EC42105E4160080FAD8 /* net_address_matcher_i.h */,
				C91E1EC52105E4160080FAD8 /* net_endpoint_link_to.c */,
				C91E1EC62105E4160080FAD8 /* net_timer.c */,
				C91E1EC72105E4160080FAD8 /* net_address.c */,
				C91E1EC82105E4160080FAD8 /* net_address_rule_i.h */,
				C91E1EC92105E4160080FAD8 /* net_schedule.c */,
				C91E1ECA2105E4160080FAD8 /* net_endpoint_monitor.c */,
				C91E1ECB2105E4160080FAD8 /* net_endpoint_wbuf.c */,
				C91E1ECC2105E4160080FAD8 /* net_ipset_node.c */,
				C91E1ECD2105E4160080FAD8 /* net_ipset.c */,
				C91E1ECE2105E4160080FAD8 /* net_ipset_ipv4.c */,
				C91E1ECF2105E4160080FAD8 /* net_driver.c */,
				C91E1ED02105E4160080FAD8 /* net_ipset_template.c.in */,
				C91E1ED12105E4160080FAD8 /* net_timer_i.h */,
				C91E1ED22105E4160080FAD8 /* net_endpoint_i.h */,
				C91E1ED32105E4160080FAD8 /* net_driver_i.h */,
				C91E1ED42105E4160080FAD8 /* net_schedule_i.h */,
				C91E1ED52105E4160080FAD8 /* net_ipset_node_cache.h */,
				C91E1ED62105E4160080FAD8 /* net_endpoint.c */,
				C91E1ED72105E4160080FAD8 /* net_protocol.c */,
				C91E1ED82105E4160080FAD8 /* net_link_i.h */,
				C91E1ED92105E4160080FAD8 /* net_address_i.h */,
				C91E1EDA2105E4160080FAD8 /* net_endpoint_rbuf.c */,
				C91E1EDB2105E4160080FAD8 /* net_ipset_i.h */,
				C91E1EDC2105E4160080FAD8 /* net_direct_endpoint.c */,
				C91E1EDD2105E4160080FAD8 /* net_endpoint_fbuf.c */,
				C91E1EDE2105E4160080FAD8 /* net_endpoint_stream.c */,
				C91E1EDF2105E4160080FAD8 /* net_link.c */,
				C91E1EE02105E4160080FAD8 /* net_dns_query.c */,
				C91E1EE12105E4160080FAD8 /* net_dgram_i.h */,
				C91E1EE22105E4160080FAD8 /* net_protocol_i.h */,
				C91E1EE32105E4160080FAD8 /* net_dns_query_i.h */,
				C91E1EE42105E4160080FAD8 /* net_dgram.c */,
				C91E1EE52105E4160080FAD8 /* net_address_matcher.c */,
				C91E1EE62105E4160080FAD8 /* net_ipset_ipv6.c */,
				C91E1EE72105E4160080FAD8 /* net_ipset_node.h */,
				C91E1EE82105E4160080FAD8 /* net_endpoint_monitor_i.h */,
				C91E1EE92105E4160080FAD8 /* net_ipset_node_cache.c */,
				C91E1EEA2105E4160080FAD8 /* net_direct_endpoint_i.h */,
				C91E1EEB2105E4160080FAD8 /* net_address_rule.c */,
			);
			path = src;
			sourceTree = "<group>";
		};
		C91E1F082105FEA90080FAD8 /* driver_ne */ = {
			isa = PBXGroup;
			children = (
				C91E1F1B2105FF000080FAD8 /* include */,
				C91E1F102105FF000080FAD8 /* src */,
			);
			name = driver_ne;
			path = ../../driver_ne;
			sourceTree = "<group>";
		};
		C91E1F102105FF000080FAD8 /* src */ = {
			isa = PBXGroup;
			children = (
				C91E1F3621076E1F0080FAD8 /* net_ne_endpoint.m */,
				C91E1F302106BA690080FAD8 /* net_ne_dgram_session.h */,
				C91E1F2F2106BA690080FAD8 /* net_ne_dgram_session.m */,
				C91E1F2C2106AC3C0080FAD8 /* net_ne_utils.h */,
				C91E1F2D2106AC3C0080FAD8 /* net_ne_utils.m */,
				C91E1F142105FF000080FAD8 /* net_ne_driver.m */,
				C91E1F152105FF000080FAD8 /* net_ne_dgram.m */,
				C91E1F182105FF000080FAD8 /* net_ne_driver_i.h */,
				C91E1F192105FF000080FAD8 /* net_ne_endpoint.h */,
				C91E1F1A2105FF000080FAD8 /* net_ne_dgram.h */,
			);
			path = src;
			sourceTree = "<group>";
		};
		C91E1F1B2105FF000080FAD8 /* include */ = {
			isa = PBXGroup;
			children = (
				C91E1F1C2105FF000080FAD8 /* net_ne_types.h */,
				C91E1F1E2105FF000080FAD8 /* net_ne_driver.h */,
			);
			path = include;
			sourceTree = "<group>";
		};
		C9323A382105E2CD005DD3C0 = {
			isa = PBXGroup;
			children = (
				C9F3114E21094371006A7621 /* depends */,
				C9323A522105E2E3005DD3C0 /* core */,
				C91E1F082105FEA90080FAD8 /* driver_ne */,
				C9C4B0FC210861940045A1A3 /* dns */,
				C9C4B109210861A70045A1A3 /* protocol_socks5 */,
				C9C4B116210861B50045A1A3 /* router */,
				C9F3117B21095931006A7621 /* protocol_ws */,
				C96A82D921100505000CB30D /* driver_dq */,
				C9415A962121058E00400779 /* net_dns_svr */,
				C9B0C4502123F30F008DB367 /* protocol_proxy_http */,
				C9323A422105E2CD005DD3C0 /* Products */,
			);
			sourceTree = "<group>";
		};
		C9323A422105E2CD005DD3C0 /* Products */ = {
			isa = PBXGroup;
			children = (
				C9323A512105E2E3005DD3C0 /* libnet_core.a */,
				C91E1F072105FEA80080FAD8 /* libnet_driver_ne.a */,
				C9C4B0FB210861940045A1A3 /* libnet_dns.a */,
				C9C4B108210861A70045A1A3 /* libnet_protocol_socks5.a */,
				C9C4B115210861B50045A1A3 /* libnet_router.a */,
				C9F311452109433C006A7621 /* libwslay.a */,
				C9F3117A21095931006A7621 /* libnet_protocol_ws.a */,
				C96A82D821100505000CB30D /* libnet_driver_dq.a */,
				C9415A952121058E00400779 /* libnet_dns_svr.a */,
				C9B0C44F2123F30F008DB367 /* libnet_protocol_proxy_http.a */,
			);
			name = Products;
			sourceTree = "<group>";
		};
		C9323A522105E2E3005DD3C0 /* core */ = {
			isa = PBXGroup;
			children = (
				C91E1EB32105E4150080FAD8 /* include */,
				C91E1EC32105E4160080FAD8 /* src */,
			);
			name = core;
			path = ../../core;
			sourceTree = "<group>";
		};
		C9415A962121058E00400779 /* net_dns_svr */ = {
			isa = PBXGroup;
			children = (
				C9415AA1212105CF00400779 /* include */,
				C9415A9E212105CF00400779 /* src */,
			);
			name = net_dns_svr;
			path = ../../dns_svr;
			sourceTree = "<group>";
		};
		C9415A9E212105CF00400779 /* src */ = {
			isa = PBXGroup;
			children = (
				C99AAEBB21218819001FA074 /* net_dns_svr_query_process.c */,
				C99AAEB92121805F001FA074 /* net_dns_svr_query_entry_i.h */,
				C99AAEB82121805F001FA074 /* net_dns_svr_query_entry.c */,
				C99AAEB421215523001FA074 /* net_dns_svr_query_i.h */,
				C99AAEB321215523001FA074 /* net_dns_svr_query.c */,
				C9CD6E282121286800F6413D /* net_dns_svr_endpoint_i.h */,
				C9CD6E2A2121286800F6413D /* net_dns_svr_endpoint.c */,
				C9CD6E292121286800F6413D /* net_dns_svr_protocol_i.h */,
				C9CD6E272121286800F6413D /* net_dns_svr_protocol.c */,
				C9CD6E232121252B00F6413D /* net_dns_svr_itf_i.h */,
				C9CD6E242121252B00F6413D /* net_dns_svr_itf.c */,
				C9415A9F212105CF00400779 /* net_dns_svr.c */,
				C9415AA0212105CF00400779 /* net_dns_svr_i.h */,
			);
			path = src;
			sourceTree = "<group>";
		};
		C9415AA1212105CF00400779 /* include */ = {
			isa = PBXGroup;
			children = (
				C9CD6E262121253500F6413D /* net_dns_svr_itf.h */,
				C9415AA2212105CF00400779 /* net_dns_svr_types.h */,
				C9415AA3212105CF00400779 /* net_dns_svr.h */,
			);
			path = include;
			sourceTree = "<group>";
		};
		C96A82D921100505000CB30D /* driver_dq */ = {
			isa = PBXGroup;
			children = (
				C96A82EC2110054D000CB30D /* include */,
				C96A82E12110054D000CB30D /* src */,
			);
			name = driver_dq;
			path = ../../driver_dq;
			sourceTree = "<group>";
		};
		C96A82E12110054D000CB30D /* src */ = {
			isa = PBXGroup;
			children = (
				C96A82E22110054D000CB30D /* net_dq_driver.m */,
				C96A82E32110054D000CB30D /* net_dq_timer.h */,
				C96A82E42110054D000CB30D /* net_dq_acceptor.m */,
				C96A82E52110054D000CB30D /* net_dq_acceptor_i.h */,
				C96A82E62110054D000CB30D /* net_dq_endpoint.m */,
				C96A82E72110054D000CB30D /* net_dq_dgram.m */,
				C96A82E82110054D000CB30D /* net_dq_timer.m */,
				C96A82E92110054D000CB30D /* net_dq_driver_i.h */,
				C96A82EA2110054D000CB30D /* net_dq_dgram.h */,
				C96A82EB2110054D000CB30D /* net_dq_endpoint.h */,
			);
			path = src;
			sourceTree = "<group>";
		};
		C96A82EC2110054D000CB30D /* include */ = {
			isa = PBXGroup;
			children = (
				C96A82ED2110054D000CB30D /* net_dq_types.h */,
				C96A82EE2110054D000CB30D /* net_dq_driver.h */,
			);
			path = include;
			sourceTree = "<group>";
		};
		C9B0C4502123F30F008DB367 /* protocol_proxy_http */ = {
			isa = PBXGroup;
			children = (
				C9B0C4652123F35F008DB367 /* include */,
				C9B0C4692123F35F008DB367 /* src */,
			);
			name = protocol_proxy_http;
			path = ../../protocol_proxy_http;
			sourceTree = "<group>";
		};
		C9B0C4652123F35F008DB367 /* include */ = {
			isa = PBXGroup;
			children = (
				C9B0C4852124098E008DB367 /* net_proxy_http_svr_protocol.h */,
				C9B0C4672123F35F008DB367 /* net_proxy_http_types.h */,
				C9B0C4682123F35F008DB367 /* net_proxy_http_svr_endpoint.h */,
			);
			path = include;
			sourceTree = "<group>";
		};
		C9B0C4692123F35F008DB367 /* src */ = {
			isa = PBXGroup;
			children = (
				C9506CDF212819510015DDBC /* net_proxy_http_svr_endpoint_basic_req.c */,
				C9506CDE212819510015DDBC /* net_proxy_http_svr_endpoint_basic_rsp.c */,
				C99C3FEE21250FDF00E985D2 /* net_proxy_http_svr_endpoint_tunnel.c */,
				C9B0C4862124099F008DB367 /* net_proxy_http_svr_protocol_i.h */,
				C9B0C4872124099F008DB367 /* net_proxy_http_svr_protocol.c */,
				C9B0C46A2123F35F008DB367 /* net_proxy_http_svr_endpoint_i.h */,
				C9B0C46B2123F35F008DB367 /* net_proxy_http_svr_endpoint.c */,
			);
			path = src;
			sourceTree = "<group>";
		};
		C9C4B0FC210861940045A1A3 /* dns */ = {
			isa = PBXGroup;
			children = (
				C9C4B11E210862460045A1A3 /* include */,
				C9C4B12A210862460045A1A3 /* src */,
			);
			name = dns;
			path = ../../dns;
			sourceTree = "<group>";
		};
		C9C4B109210861A70045A1A3 /* protocol_socks5 */ = {
			isa = PBXGroup;
			children = (
				C9C4B154210862550045A1A3 /* include */,
				C9C4B14E210862550045A1A3 /* src */,
			);
			name = protocol_socks5;
			path = ../../protocol_socks5;
			sourceTree = "<group>";
		};
		C9C4B116210861B50045A1A3 /* router */ = {
			isa = PBXGroup;
			children = (
				C9C4B159210862630045A1A3 /* include */,
				C9C4B15D210862630045A1A3 /* src */,
			);
			name = router;
			path = ../../router;
			sourceTree = "<group>";
		};
		C9C4B11E210862460045A1A3 /* include */ = {
			isa = PBXGroup;
			children = (
				C9506CDD2127ABF10015DDBC /* net_dns_scope.h */,
				C9506CD02127A82A0015DDBC /* net_dns_source_ns.h */,
				C9C4B11F210862460045A1A3 /* net_dns_source.h */,
				C9C4B121210862460045A1A3 /* net_dns_entry_item.h */,
				C9C4B122210862460045A1A3 /* net_dns_task_step.h */,
				C9C4B123210862460045A1A3 /* net_dns_task_ctx.h */,
				C9C4B124210862460045A1A3 /* net_dns_manage.h */,
				C9C4B125210862460045A1A3 /* net_dns_task.h */,
				C9C4B126210862460045A1A3 /* net_dns_entry.h */,
				C9C4B127210862460045A1A3 /* net_dns_system.h */,
				C9C4B128210862460045A1A3 /* net_dns_task_builder.h */,
			);
			path = include;
			sourceTree = "<group>";
		};
		C9C4B12A210862460045A1A3 /* src */ = {
			isa = PBXGroup;
			children = (
				C9506CDA2127ABE90015DDBC /* net_dns_scope_i.h */,
				C9506CDB2127ABE90015DDBC /* net_dns_scope.c */,
				C9506CD32127A83F0015DDBC /* net_dns_cli_endpoint_i.h */,
				C9506CD62127A8400015DDBC /* net_dns_cli_endpoint.c */,
				C9506CD42127A8400015DDBC /* net_dns_cli_protocol_i.h */,
				C9506CD52127A8400015DDBC /* net_dns_cli_protocol.c */,
				C9506CD12127A83F0015DDBC /* net_dns_source_ns_i.h */,
				C9506CD22127A83F0015DDBC /* net_dns_source_ns.c */,
				C9C4B12B210862460045A1A3 /* net_dns_query_ex_i.h */,
				C9C4B12E210862460045A1A3 /* net_dns_task_i.h */,
				C9C4B130210862460045A1A3 /* net_dns_entry_item_i.h */,
				C9C4B131210862460045A1A3 /* net_dns_task_builder.c */,
				C9C4B132210862460045A1A3 /* net_dns_source.c */,
				C9C4B133210862460045A1A3 /* net_dns_manage_conf.c */,
				C9C4B134210862460045A1A3 /* net_dns_query_ex.c */,
				C9C4B135210862460045A1A3 /* net_dns_entry_i.h */,
				C9C4B136210862460045A1A3 /* net_dns_source_i.h */,
				C9C4B138210862460045A1A3 /* net_dns_task.c */,
				C9C4B139210862460045A1A3 /* net_dns_manage.c */,
				C9C4B13A210862460045A1A3 /* net_dns_task_ctx.c */,
				C9C4B13B210862460045A1A3 /* net_dns_task_ctx_i.h */,
				C9C4B13C210862460045A1A3 /* net_dns_task_step.c */,
				C9C4B13D210862460045A1A3 /* net_dns_entry_item.c */,
				C9C4B13E210862460045A1A3 /* net_dns_task_builder_i.h */,
				C9C4B13F210862460045A1A3 /* net_dns_manage_i.h */,
				C9C4B140210862460045A1A3 /* net_dns_task_step_i.h */,
				C9C4B141210862470045A1A3 /* net_dns_entry.c */,
			);
			path = src;
			sourceTree = "<group>";
		};
		C9C4B14E210862550045A1A3 /* src */ = {
			isa = PBXGroup;
			children = (
				C9C4B14F210862550045A1A3 /* net_socks5_svr_endpoint_i.h */,
				C9C4B150210862550045A1A3 /* net_socks5_svr_endpoint.c */,
				C9C4B151210862550045A1A3 /* net_socks5_pro.h */,
				C9C4B152210862550045A1A3 /* net_socks5_svr_i.h */,
				C9C4B153210862550045A1A3 /* net_socks5_svr.c */,
			);
			path = src;
			sourceTree = "<group>";
		};
		C9C4B154210862550045A1A3 /* include */ = {
			isa = PBXGroup;
			children = (
				C9C4B155210862550045A1A3 /* net_socks5_types.h */,
				C9C4B156210862550045A1A3 /* net_socks5_svr.h */,
			);
			path = include;
			sourceTree = "<group>";
		};
		C9C4B159210862630045A1A3 /* include */ = {
			isa = PBXGroup;
			children = (
				C9C4B15A210862630045A1A3 /* net_router_schedule.h */,
				C9C4B15B210862630045A1A3 /* net_router.h */,
				C9C4B15C210862630045A1A3 /* net_router_types.h */,
			);
			path = include;
			sourceTree = "<group>";
		};
		C9C4B15D210862630045A1A3 /* src */ = {
			isa = PBXGroup;
			children = (
				C9C4B15E210862630045A1A3 /* net_router_schedule.c */,
				C9C4B15F210862630045A1A3 /* net_router_i.h */,
				C9C4B160210862630045A1A3 /* net_router_schedule_i.h */,
				C9C4B161210862630045A1A3 /* net_router.c */,
			);
			path = src;
			sourceTree = "<group>";
		};
		C9F3114E21094371006A7621 /* depends */ = {
			isa = PBXGroup;
			children = (
				C9F3114F21094392006A7621 /* wslay */,
			);
			name = depends;
			path = ../../depends;
			sourceTree = "<group>";
		};
		C9F3114F21094392006A7621 /* wslay */ = {
			isa = PBXGroup;
			children = (
				C9F3115021094392006A7621 /* include */,
				C9F3115421094392006A7621 /* src */,
			);
			path = wslay;
			sourceTree = "<group>";
		};
		C9F3115021094392006A7621 /* include */ = {
			isa = PBXGroup;
			children = (
				C9F3115121094392006A7621 /* wslay */,
			);
			path = include;
			sourceTree = "<group>";
		};
		C9F3115121094392006A7621 /* wslay */ = {
			isa = PBXGroup;
			children = (
				C9F3115221094392006A7621 /* wslayver.h */,
				C9F3115321094392006A7621 /* wslay.h */,
			);
			path = wslay;
			sourceTree = "<group>";
		};
		C9F3115421094392006A7621 /* src */ = {
			isa = PBXGroup;
			children = (
				C9F3115521094392006A7621 /* wslay_stack.c */,
				C9F3115621094392006A7621 /* wslay_event.h */,
				C9F3115721094392006A7621 /* wslay_net.c */,
				C9F3115821094392006A7621 /* wslay_queue.c */,
				C9F3115921094392006A7621 /* wslay_frame.h */,
				C9F3115A21094392006A7621 /* wslay_event.c */,
				C9F3115B21094392006A7621 /* wslay_stack.h */,
				C9F3115C21094392006A7621 /* wslay_net.h */,
				C9F3115D21094392006A7621 /* wslay_queue.h */,
				C9F3115E21094392006A7621 /* wslay_frame.c */,
			);
			path = src;
			sourceTree = "<group>";
		};
		C9F3117B21095931006A7621 /* protocol_ws */ = {
			isa = PBXGroup;
			children = (
				C9F31195210960A3006A7621 /* include */,
				C9F31190210960A3006A7621 /* src */,
			);
			name = protocol_ws;
			path = ../../protocol_ws;
			sourceTree = "<group>";
		};
		C9F31190210960A3006A7621 /* src */ = {
			isa = PBXGroup;
			children = (
				C9F31191210960A3006A7621 /* net_ws_cli_protocol_i.h */,
				C9F31192210960A3006A7621 /* net_ws_cli_endpoint.c */,
				C9F31193210960A3006A7621 /* net_ws_cli_protocol.c */,
				C9F31194210960A3006A7621 /* net_ws_cli_endpoint_i.h */,
			);
			path = src;
			sourceTree = "<group>";
		};
		C9F31195210960A3006A7621 /* include */ = {
			isa = PBXGroup;
			children = (
				C9F31196210960A3006A7621 /* net_ws_types.h */,
				C9F31197210960A3006A7621 /* net_ws_cli_protocol.h */,
				C9F31198210960A3006A7621 /* net_ws_cli_endpoint.h */,
			);
			path = include;
			sourceTree = "<group>";
		};
/* End PBXGroup section */

/* Begin PBXNativeTarget section */
		C91E1F062105FEA80080FAD8 /* net_driver_ne */ = {
			isa = PBXNativeTarget;
			buildConfigurationList = C91E1F0F2105FEA90080FAD8 /* Build configuration list for PBXNativeTarget "net_driver_ne" */;
			buildPhases = (
				C91E1F032105FEA80080FAD8 /* Sources */,
				C91E1F042105FEA80080FAD8 /* Frameworks */,
				C91E1F052105FEA80080FAD8 /* CopyFiles */,
			);
			buildRules = (
			);
			dependencies = (
			);
			name = net_driver_ne;
			productName = driver_ne;
			productReference = C91E1F072105FEA80080FAD8 /* libnet_driver_ne.a */;
			productType = "com.apple.product-type.library.static";
		};
		C9323A502105E2E3005DD3C0 /* net_core */ = {
			isa = PBXNativeTarget;
			buildConfigurationList = C9323A572105E2E3005DD3C0 /* Build configuration list for PBXNativeTarget "net_core" */;
			buildPhases = (
				C9323A4D2105E2E3005DD3C0 /* Sources */,
				C9323A4E2105E2E3005DD3C0 /* Frameworks */,
				C9323A4F2105E2E3005DD3C0 /* CopyFiles */,
			);
			buildRules = (
			);
			dependencies = (
			);
			name = net_core;
			productName = net_core;
			productReference = C9323A512105E2E3005DD3C0 /* libnet_core.a */;
			productType = "com.apple.product-type.library.static";
		};
		C9415A942121058E00400779 /* net_dns_svr */ = {
			isa = PBXNativeTarget;
			buildConfigurationList = C9415A9D2121058E00400779 /* Build configuration list for PBXNativeTarget "net_dns_svr" */;
			buildPhases = (
				C9415A912121058E00400779 /* Sources */,
				C9415A922121058E00400779 /* Frameworks */,
				C9415A932121058E00400779 /* CopyFiles */,
			);
			buildRules = (
			);
			dependencies = (
			);
			name = net_dns_svr;
			productName = net_dns_svr;
			productReference = C9415A952121058E00400779 /* libnet_dns_svr.a */;
			productType = "com.apple.product-type.library.static";
		};
		C96A82D721100505000CB30D /* net_driver_dq */ = {
			isa = PBXNativeTarget;
			buildConfigurationList = C96A82E021100505000CB30D /* Build configuration list for PBXNativeTarget "net_driver_dq" */;
			buildPhases = (
				C96A82D421100505000CB30D /* Sources */,
				C96A82D521100505000CB30D /* Frameworks */,
				C96A82D621100505000CB30D /* CopyFiles */,
			);
			buildRules = (
			);
			dependencies = (
			);
			name = net_driver_dq;
			productName = net_driver_dq;
			productReference = C96A82D821100505000CB30D /* libnet_driver_dq.a */;
			productType = "com.apple.product-type.library.static";
		};
		C9B0C44E2123F30F008DB367 /* net_protocol_proxy_http */ = {
			isa = PBXNativeTarget;
			buildConfigurationList = C9B0C4572123F30F008DB367 /* Build configuration list for PBXNativeTarget "net_protocol_proxy_http" */;
			buildPhases = (
				C9B0C44B2123F30F008DB367 /* Sources */,
				C9B0C44C2123F30F008DB367 /* Frameworks */,
				C9B0C44D2123F30F008DB367 /* CopyFiles */,
			);
			buildRules = (
			);
			dependencies = (
			);
			name = net_protocol_proxy_http;
			productName = net_protocol_proxy_http;
			productReference = C9B0C44F2123F30F008DB367 /* libnet_protocol_proxy_http.a */;
			productType = "com.apple.product-type.library.static";
		};
		C9C4B0FA210861940045A1A3 /* net_dns */ = {
			isa = PBXNativeTarget;
			buildConfigurationList = C9C4B101210861940045A1A3 /* Build configuration list for PBXNativeTarget "net_dns" */;
			buildPhases = (
				C9C4B0F7210861940045A1A3 /* Sources */,
				C9C4B0F8210861940045A1A3 /* Frameworks */,
				C9C4B0F9210861940045A1A3 /* CopyFiles */,
			);
			buildRules = (
			);
			dependencies = (
			);
			name = net_dns;
			productName = net_dns;
			productReference = C9C4B0FB210861940045A1A3 /* libnet_dns.a */;
			productType = "com.apple.product-type.library.static";
		};
		C9C4B107210861A70045A1A3 /* net_protocol_socks5 */ = {
			isa = PBXNativeTarget;
			buildConfigurationList = C9C4B10E210861A70045A1A3 /* Build configuration list for PBXNativeTarget "net_protocol_socks5" */;
			buildPhases = (
				C9C4B104210861A70045A1A3 /* Sources */,
				C9C4B105210861A70045A1A3 /* Frameworks */,
				C9C4B106210861A70045A1A3 /* CopyFiles */,
			);
			buildRules = (
			);
			dependencies = (
			);
			name = net_protocol_socks5;
			productName = net_protocol_socks5;
			productReference = C9C4B108210861A70045A1A3 /* libnet_protocol_socks5.a */;
			productType = "com.apple.product-type.library.static";
		};
		C9C4B114210861B50045A1A3 /* net_router */ = {
			isa = PBXNativeTarget;
			buildConfigurationList = C9C4B11B210861B50045A1A3 /* Build configuration list for PBXNativeTarget "net_router" */;
			buildPhases = (
				C9C4B111210861B50045A1A3 /* Sources */,
				C9C4B112210861B50045A1A3 /* Frameworks */,
				C9C4B113210861B50045A1A3 /* CopyFiles */,
			);
			buildRules = (
			);
			dependencies = (
			);
			name = net_router;
			productName = net_router;
			productReference = C9C4B115210861B50045A1A3 /* libnet_router.a */;
			productType = "com.apple.product-type.library.static";
		};
		C9F311442109433C006A7621 /* wslay */ = {
			isa = PBXNativeTarget;
			buildConfigurationList = C9F3114D2109433C006A7621 /* Build configuration list for PBXNativeTarget "wslay" */;
			buildPhases = (
				C9F311412109433C006A7621 /* Sources */,
				C9F311422109433C006A7621 /* Frameworks */,
				C9F311432109433C006A7621 /* CopyFiles */,
			);
			buildRules = (
			);
			dependencies = (
			);
			name = wslay;
			productName = wslay;
			productReference = C9F311452109433C006A7621 /* libwslay.a */;
			productType = "com.apple.product-type.library.static";
		};
		C9F3117921095931006A7621 /* net_protocol_ws */ = {
			isa = PBXNativeTarget;
			buildConfigurationList = C9F3118021095931006A7621 /* Build configuration list for PBXNativeTarget "net_protocol_ws" */;
			buildPhases = (
				C9F3117621095931006A7621 /* Sources */,
				C9F3117721095931006A7621 /* Frameworks */,
				C9F3117821095931006A7621 /* CopyFiles */,
			);
			buildRules = (
			);
			dependencies = (
			);
			name = net_protocol_ws;
			productName = net_protocol_ws;
			productReference = C9F3117A21095931006A7621 /* libnet_protocol_ws.a */;
			productType = "com.apple.product-type.library.static";
		};
/* End PBXNativeTarget section */

/* Begin PBXProject section */
		C9323A392105E2CD005DD3C0 /* Project object */ = {
			isa = PBXProject;
			attributes = {
				LastUpgradeCheck = 0940;
				ORGANIZATIONNAME = "汪键";
				TargetAttributes = {
					C91E1F062105FEA80080FAD8 = {
						CreatedOnToolsVersion = 9.4.1;
					};
					C9323A502105E2E3005DD3C0 = {
						CreatedOnToolsVersion = 9.4.1;
					};
					C9415A942121058E00400779 = {
						CreatedOnToolsVersion = 9.4.1;
					};
					C96A82D721100505000CB30D = {
						CreatedOnToolsVersion = 9.4.1;
					};
					C9B0C44E2123F30F008DB367 = {
						CreatedOnToolsVersion = 9.4.1;
					};
					C9C4B0FA210861940045A1A3 = {
						CreatedOnToolsVersion = 9.4.1;
					};
					C9C4B107210861A70045A1A3 = {
						CreatedOnToolsVersion = 9.4.1;
					};
					C9C4B114210861B50045A1A3 = {
						CreatedOnToolsVersion = 9.4.1;
					};
					C9F311442109433C006A7621 = {
						CreatedOnToolsVersion = 9.4.1;
					};
					C9F3117921095931006A7621 = {
						CreatedOnToolsVersion = 9.4.1;
					};
				};
			};
			buildConfigurationList = C9323A3C2105E2CD005DD3C0 /* Build configuration list for PBXProject "net" */;
			compatibilityVersion = "Xcode 9.3";
			developmentRegion = en;
			hasScannedForEncodings = 0;
			knownRegions = (
				en,
			);
			mainGroup = C9323A382105E2CD005DD3C0;
			productRefGroup = C9323A422105E2CD005DD3C0 /* Products */;
			projectDirPath = "";
			projectRoot = "";
			targets = (
				C9323A502105E2E3005DD3C0 /* net_core */,
				C91E1F062105FEA80080FAD8 /* net_driver_ne */,
				C9C4B0FA210861940045A1A3 /* net_dns */,
				C9C4B107210861A70045A1A3 /* net_protocol_socks5 */,
				C9C4B114210861B50045A1A3 /* net_router */,
				C9F311442109433C006A7621 /* wslay */,
				C9F3117921095931006A7621 /* net_protocol_ws */,
				C96A82D721100505000CB30D /* net_driver_dq */,
				C9415A942121058E00400779 /* net_dns_svr */,
				C9B0C44E2123F30F008DB367 /* net_protocol_proxy_http */,
			);
		};
/* End PBXProject section */

/* Begin PBXSourcesBuildPhase section */
		C91E1F032105FEA80080FAD8 /* Sources */ = {
			isa = PBXSourcesBuildPhase;
			buildActionMask = 2147483647;
			files = (
				C91E1F222105FF000080FAD8 /* net_ne_dgram.m in Sources */,
				C91E1F212105FF000080FAD8 /* net_ne_driver.m in Sources */,
				C91E1F3721076E1F0080FAD8 /* net_ne_endpoint.m in Sources */,
				C91E1F2E2106AC3D0080FAD8 /* net_ne_utils.m in Sources */,
				C91E1F312106BA690080FAD8 /* net_ne_dgram_session.m in Sources */,
			);
			runOnlyForDeploymentPostprocessing = 0;
		};
		C9323A4D2105E2E3005DD3C0 /* Sources */ = {
			isa = PBXSourcesBuildPhase;
			buildActionMask = 2147483647;
			files = (
				C91E1EF62105E4160080FAD8 /* net_endpoint.c in Sources */,
				C91E1EEE2105E4160080FAD8 /* net_address.c in Sources */,
				C91E1EF82105E4160080FAD8 /* net_endpoint_rbuf.c in Sources */,
				C91E1EF92105E4160080FAD8 /* net_direct_endpoint.c in Sources */,
				C91E1EFE2105E4160080FAD8 /* net_dgram.c in Sources */,
				C91E1EEC2105E4160080FAD8 /* net_endpoint_link_to.c in Sources */,
				C96A831021102748000CB30D /* net_acceptor.c in Sources */,
				C91E1EEF2105E4160080FAD8 /* net_schedule.c in Sources */,
				C91E1EED2105E4160080FAD8 /* net_timer.c in Sources */,
				C91E1EF12105E4160080FAD8 /* net_endpoint_wbuf.c in Sources */,
				C91E1EFB2105E4160080FAD8 /* net_endpoint_stream.c in Sources */,
				C91E1EFA2105E4160080FAD8 /* net_endpoint_fbuf.c in Sources */,
				C91E1EF22105E4160080FAD8 /* net_ipset_node.c in Sources */,
				C91E1F012105E4160080FAD8 /* net_ipset_node_cache.c in Sources */,
				C91E1EFC2105E4160080FAD8 /* net_link.c in Sources */,
				C91E1EFF2105E4160080FAD8 /* net_address_matcher.c in Sources */,
				C91E1F002105E4160080FAD8 /* net_ipset_ipv6.c in Sources */,
				C91E1EF02105E4160080FAD8 /* net_endpoint_monitor.c in Sources */,
				C91E1EF52105E4160080FAD8 /* net_driver.c in Sources */,
				C91E1EFD2105E4160080FAD8 /* net_dns_query.c in Sources */,
				C91E1EF42105E4160080FAD8 /* net_ipset_ipv4.c in Sources */,
				C91E1EF32105E4160080FAD8 /* net_ipset.c in Sources */,
				C91E1F022105E4160080FAD8 /* net_address_rule.c in Sources */,
				C91E1EF72105E4160080FAD8 /* net_protocol.c in Sources */,
			);
			runOnlyForDeploymentPostprocessing = 0;
		};
		C9415A912121058E00400779 /* Sources */ = {
			isa = PBXSourcesBuildPhase;
			buildActionMask = 2147483647;
			files = (
				C9CD6E2C2121286800F6413D /* net_dns_svr_endpoint.c in Sources */,
				C99AAEB521215523001FA074 /* net_dns_svr_query.c in Sources */,
				C99AAEBA2121805F001FA074 /* net_dns_svr_query_entry.c in Sources */,
				C99AAEBC21218819001FA074 /* net_dns_svr_query_process.c in Sources */,
				C9CD6E2B2121286800F6413D /* net_dns_svr_protocol.c in Sources */,
				C9415AA4212105CF00400779 /* net_dns_svr.c in Sources */,
				C9CD6E252121252B00F6413D /* net_dns_svr_itf.c in Sources */,
			);
			runOnlyForDeploymentPostprocessing = 0;
		};
		C96A82D421100505000CB30D /* Sources */ = {
			isa = PBXSourcesBuildPhase;
			buildActionMask = 2147483647;
			files = (
				C96A82F02110054D000CB30D /* net_dq_driver.m in Sources */,
				C96A82F22110054D000CB30D /* net_dq_endpoint.m in Sources */,
				C96A82F32110054D000CB30D /* net_dq_dgram.m in Sources */,
				C96A82F12110054D000CB30D /* net_dq_acceptor.m in Sources */,
				C96A82F42110054D000CB30D /* net_dq_timer.m in Sources */,
			);
			runOnlyForDeploymentPostprocessing = 0;
		};
		C9B0C44B2123F30F008DB367 /* Sources */ = {
			isa = PBXSourcesBuildPhase;
			buildActionMask = 2147483647;
			files = (
				C9B0C4882124099F008DB367 /* net_proxy_http_svr_protocol.c in Sources */,
				C9B0C46F2123F35F008DB367 /* net_proxy_http_svr_endpoint.c in Sources */,
				C9506CE0212819520015DDBC /* net_proxy_http_svr_endpoint_basic_rsp.c in Sources */,
				C99C3FF021250FDF00E985D2 /* net_proxy_http_svr_endpoint_tunnel.c in Sources */,
				C9506CE1212819520015DDBC /* net_proxy_http_svr_endpoint_basic_req.c in Sources */,
			);
			runOnlyForDeploymentPostprocessing = 0;
		};
		C9C4B0F7210861940045A1A3 /* Sources */ = {
			isa = PBXSourcesBuildPhase;
			buildActionMask = 2147483647;
			files = (
				C9506CD72127A8400015DDBC /* net_dns_source_ns.c in Sources */,
				C9C4B144210862470045A1A3 /* net_dns_source.c in Sources */,
				C9506CD92127A8400015DDBC /* net_dns_cli_endpoint.c in Sources */,
				C9506CD82127A8400015DDBC /* net_dns_cli_protocol.c in Sources */,
				C9C4B143210862470045A1A3 /* net_dns_task_builder.c in Sources */,
				C9C4B14A210862470045A1A3 /* net_dns_task_ctx.c in Sources */,
				C9C4B145210862470045A1A3 /* net_dns_manage_conf.c in Sources */,
				C9C4B149210862470045A1A3 /* net_dns_manage.c in Sources */,
				C9506CDC2127ABE90015DDBC /* net_dns_scope.c in Sources */,
				C9C4B146210862470045A1A3 /* net_dns_query_ex.c in Sources */,
				C9C4B14D210862470045A1A3 /* net_dns_entry.c in Sources */,
				C9C4B14B210862470045A1A3 /* net_dns_task_step.c in Sources */,
				C9C4B14C210862470045A1A3 /* net_dns_entry_item.c in Sources */,
				C9C4B148210862470045A1A3 /* net_dns_task.c in Sources */,
			);
			runOnlyForDeploymentPostprocessing = 0;
		};
		C9C4B104210861A70045A1A3 /* Sources */ = {
			isa = PBXSourcesBuildPhase;
			buildActionMask = 2147483647;
			files = (
				C9C4B157210862550045A1A3 /* net_socks5_svr_endpoint.c in Sources */,
				C9C4B158210862550045A1A3 /* net_socks5_svr.c in Sources */,
			);
			runOnlyForDeploymentPostprocessing = 0;
		};
		C9C4B111210861B50045A1A3 /* Sources */ = {
			isa = PBXSourcesBuildPhase;
			buildActionMask = 2147483647;
			files = (
				C9C4B163210862630045A1A3 /* net_router.c in Sources */,
				C9C4B162210862630045A1A3 /* net_router_schedule.c in Sources */,
			);
			runOnlyForDeploymentPostprocessing = 0;
		};
		C9F311412109433C006A7621 /* Sources */ = {
			isa = PBXSourcesBuildPhase;
			buildActionMask = 2147483647;
			files = (
				C9F3116021094392006A7621 /* wslay_net.c in Sources */,
				C9F3116321094392006A7621 /* wslay_frame.c in Sources */,
				C9F3116121094392006A7621 /* wslay_queue.c in Sources */,
				C9F3115F21094392006A7621 /* wslay_stack.c in Sources */,
				C9F3116221094392006A7621 /* wslay_event.c in Sources */,
			);
			runOnlyForDeploymentPostprocessing = 0;
		};
		C9F3117621095931006A7621 /* Sources */ = {
			isa = PBXSourcesBuildPhase;
			buildActionMask = 2147483647;
			files = (
				C9F3119A210960A3006A7621 /* net_ws_cli_protocol.c in Sources */,
				C9F31199210960A3006A7621 /* net_ws_cli_endpoint.c in Sources */,
			);
			runOnlyForDeploymentPostprocessing = 0;
		};
/* End PBXSourcesBuildPhase section */

/* Begin XCBuildConfiguration section */
		C91E1F0D2105FEA90080FAD8 /* Debug */ = {
			isa = XCBuildConfiguration;
			buildSettings = {
				CLANG_ENABLE_OBJC_ARC = NO;
				CODE_SIGN_STYLE = Automatic;
				HEADER_SEARCH_PATHS = (
					../../../cpe/include,
					../../core/include,
				);
				OTHER_LDFLAGS = "-ObjC";
				PRODUCT_NAME = "$(TARGET_NAME)";
				SKIP_INSTALL = YES;
				TARGETED_DEVICE_FAMILY = "1,2";
			};
			name = Debug;
		};
		C91E1F0E2105FEA90080FAD8 /* Release */ = {
			isa = XCBuildConfiguration;
			buildSettings = {
				CLANG_ENABLE_OBJC_ARC = NO;
				CODE_SIGN_STYLE = Automatic;
				HEADER_SEARCH_PATHS = (
					../../../cpe/include,
					../../core/include,
				);
				OTHER_LDFLAGS = "-ObjC";
				PRODUCT_NAME = "$(TARGET_NAME)";
				SKIP_INSTALL = YES;
				TARGETED_DEVICE_FAMILY = "1,2";
			};
			name = Release;
		};
		C9323A482105E2CD005DD3C0 /* Debug */ = {
			isa = XCBuildConfiguration;
			buildSettings = {
				ALWAYS_SEARCH_USER_PATHS = NO;
				CLANG_ANALYZER_NONNULL = YES;
				CLANG_ANALYZER_NUMBER_OBJECT_CONVERSION = YES_AGGRESSIVE;
				CLANG_CXX_LANGUAGE_STANDARD = "gnu++14";
				CLANG_CXX_LIBRARY = "libc++";
				CLANG_ENABLE_MODULES = YES;
				CLANG_ENABLE_OBJC_ARC = YES;
				CLANG_ENABLE_OBJC_WEAK = YES;
				CLANG_WARN_BLOCK_CAPTURE_AUTORELEASING = YES;
				CLANG_WARN_BOOL_CONVERSION = YES;
				CLANG_WARN_COMMA = YES;
				CLANG_WARN_CONSTANT_CONVERSION = YES;
				CLANG_WARN_DEPRECATED_OBJC_IMPLEMENTATIONS = YES;
				CLANG_WARN_DIRECT_OBJC_ISA_USAGE = YES_ERROR;
				CLANG_WARN_DOCUMENTATION_COMMENTS = YES;
				CLANG_WARN_EMPTY_BODY = YES;
				CLANG_WARN_ENUM_CONVERSION = YES;
				CLANG_WARN_INFINITE_RECURSION = YES;
				CLANG_WARN_INT_CONVERSION = YES;
				CLANG_WARN_NON_LITERAL_NULL_CONVERSION = YES;
				CLANG_WARN_OBJC_IMPLICIT_RETAIN_SELF = YES;
				CLANG_WARN_OBJC_LITERAL_CONVERSION = YES;
				CLANG_WARN_OBJC_ROOT_CLASS = YES_ERROR;
				CLANG_WARN_RANGE_LOOP_ANALYSIS = YES;
				CLANG_WARN_STRICT_PROTOTYPES = YES;
				CLANG_WARN_SUSPICIOUS_MOVE = YES;
				CLANG_WARN_UNGUARDED_AVAILABILITY = YES_AGGRESSIVE;
				CLANG_WARN_UNREACHABLE_CODE = YES;
				CLANG_WARN__DUPLICATE_METHOD_MATCH = YES;
				CODE_SIGN_IDENTITY = "iPhone Developer";
				COPY_PHASE_STRIP = NO;
				DEBUG_INFORMATION_FORMAT = dwarf;
				ENABLE_STRICT_OBJC_MSGSEND = YES;
				ENABLE_TESTABILITY = YES;
				GCC_C_LANGUAGE_STANDARD = gnu11;
				GCC_DYNAMIC_NO_PIC = NO;
				GCC_NO_COMMON_BLOCKS = YES;
				GCC_OPTIMIZATION_LEVEL = 0;
				GCC_PREPROCESSOR_DEFINITIONS = (
					"DEBUG=1",
					"$(inherited)",
				);
				GCC_WARN_64_TO_32_BIT_CONVERSION = YES;
				GCC_WARN_ABOUT_RETURN_TYPE = YES_ERROR;
				GCC_WARN_UNDECLARED_SELECTOR = YES;
				GCC_WARN_UNINITIALIZED_AUTOS = YES_AGGRESSIVE;
				GCC_WARN_UNUSED_FUNCTION = YES;
				GCC_WARN_UNUSED_VARIABLE = YES;
				IPHONEOS_DEPLOYMENT_TARGET = 9.0;
				MTL_ENABLE_DEBUG_INFO = YES;
				ONLY_ACTIVE_ARCH = YES;
				SDKROOT = iphoneos;
			};
			name = Debug;
		};
		C9323A492105E2CD005DD3C0 /* Release */ = {
			isa = XCBuildConfiguration;
			buildSettings = {
				ALWAYS_SEARCH_USER_PATHS = NO;
				CLANG_ANALYZER_NONNULL = YES;
				CLANG_ANALYZER_NUMBER_OBJECT_CONVERSION = YES_AGGRESSIVE;
				CLANG_CXX_LANGUAGE_STANDARD = "gnu++14";
				CLANG_CXX_LIBRARY = "libc++";
				CLANG_ENABLE_MODULES = YES;
				CLANG_ENABLE_OBJC_ARC = YES;
				CLANG_ENABLE_OBJC_WEAK = YES;
				CLANG_WARN_BLOCK_CAPTURE_AUTORELEASING = YES;
				CLANG_WARN_BOOL_CONVERSION = YES;
				CLANG_WARN_COMMA = YES;
				CLANG_WARN_CONSTANT_CONVERSION = YES;
				CLANG_WARN_DEPRECATED_OBJC_IMPLEMENTATIONS = YES;
				CLANG_WARN_DIRECT_OBJC_ISA_USAGE = YES_ERROR;
				CLANG_WARN_DOCUMENTATION_COMMENTS = YES;
				CLANG_WARN_EMPTY_BODY = YES;
				CLANG_WARN_ENUM_CONVERSION = YES;
				CLANG_WARN_INFINITE_RECURSION = YES;
				CLANG_WARN_INT_CONVERSION = YES;
				CLANG_WARN_NON_LITERAL_NULL_CONVERSION = YES;
				CLANG_WARN_OBJC_IMPLICIT_RETAIN_SELF = YES;
				CLANG_WARN_OBJC_LITERAL_CONVERSION = YES;
				CLANG_WARN_OBJC_ROOT_CLASS = YES_ERROR;
				CLANG_WARN_RANGE_LOOP_ANALYSIS = YES;
				CLANG_WARN_STRICT_PROTOTYPES = YES;
				CLANG_WARN_SUSPICIOUS_MOVE = YES;
				CLANG_WARN_UNGUARDED_AVAILABILITY = YES_AGGRESSIVE;
				CLANG_WARN_UNREACHABLE_CODE = YES;
				CLANG_WARN__DUPLICATE_METHOD_MATCH = YES;
				CODE_SIGN_IDENTITY = "iPhone Developer";
				COPY_PHASE_STRIP = NO;
				DEBUG_INFORMATION_FORMAT = "dwarf-with-dsym";
				ENABLE_NS_ASSERTIONS = NO;
				ENABLE_STRICT_OBJC_MSGSEND = YES;
				GCC_C_LANGUAGE_STANDARD = gnu11;
				GCC_NO_COMMON_BLOCKS = YES;
				GCC_WARN_64_TO_32_BIT_CONVERSION = YES;
				GCC_WARN_ABOUT_RETURN_TYPE = YES_ERROR;
				GCC_WARN_UNDECLARED_SELECTOR = YES;
				GCC_WARN_UNINITIALIZED_AUTOS = YES_AGGRESSIVE;
				GCC_WARN_UNUSED_FUNCTION = YES;
				GCC_WARN_UNUSED_VARIABLE = YES;
				IPHONEOS_DEPLOYMENT_TARGET = 9.0;
				MTL_ENABLE_DEBUG_INFO = NO;
				SDKROOT = iphoneos;
				VALIDATE_PRODUCT = YES;
			};
			name = Release;
		};
		C9323A582105E2E3005DD3C0 /* Debug */ = {
			isa = XCBuildConfiguration;
			buildSettings = {
				CODE_SIGN_STYLE = Automatic;
				GCC_PREPROCESSOR_DEFINITIONS = (
					"$(inherited)",
					"PCRE2_CODE_UNIT_WIDTH=8",
				);
				HEADER_SEARCH_PATHS = (
					../../../cpe/include,
					../../../cpe/depends/pcre2/include,
				);
				PRODUCT_NAME = "$(TARGET_NAME)";
				SKIP_INSTALL = YES;
				TARGETED_DEVICE_FAMILY = "1,2";
			};
			name = Debug;
		};
		C9323A592105E2E3005DD3C0 /* Release */ = {
			isa = XCBuildConfiguration;
			buildSettings = {
				CODE_SIGN_STYLE = Automatic;
				GCC_PREPROCESSOR_DEFINITIONS = (
					"$(inherited)",
					"PCRE2_CODE_UNIT_WIDTH=8",
				);
				HEADER_SEARCH_PATHS = (
					../../../cpe/include,
					../../../cpe/depends/pcre2/include,
				);
				PRODUCT_NAME = "$(TARGET_NAME)";
				SKIP_INSTALL = YES;
				TARGETED_DEVICE_FAMILY = "1,2";
			};
			name = Release;
		};
		C9415A9B2121058E00400779 /* Debug */ = {
			isa = XCBuildConfiguration;
			buildSettings = {
				CODE_SIGN_STYLE = Automatic;
				HEADER_SEARCH_PATHS = (
					../../../cpe/include,
					../../net_core/include,
					../../dns_svr/include,
				);
				PRODUCT_NAME = "$(TARGET_NAME)";
				SKIP_INSTALL = YES;
				TARGETED_DEVICE_FAMILY = "1,2";
			};
			name = Debug;
		};
		C9415A9C2121058E00400779 /* Release */ = {
			isa = XCBuildConfiguration;
			buildSettings = {
				CODE_SIGN_STYLE = Automatic;
				HEADER_SEARCH_PATHS = (
					../../../cpe/include,
					../../net_core/include,
					../../dns_svr/include,
				);
				PRODUCT_NAME = "$(TARGET_NAME)";
				SKIP_INSTALL = YES;
				TARGETED_DEVICE_FAMILY = "1,2";
			};
			name = Release;
		};
		C96A82DE21100505000CB30D /* Debug */ = {
			isa = XCBuildConfiguration;
			buildSettings = {
				CLANG_ENABLE_OBJC_ARC = NO;
				CODE_SIGN_STYLE = Automatic;
				HEADER_SEARCH_PATHS = ../../../cpe/include;
				OTHER_LDFLAGS = "-ObjC";
				PRODUCT_NAME = "$(TARGET_NAME)";
				SKIP_INSTALL = YES;
				TARGETED_DEVICE_FAMILY = "1,2";
			};
			name = Debug;
		};
		C96A82DF21100505000CB30D /* Release */ = {
			isa = XCBuildConfiguration;
			buildSettings = {
				CLANG_ENABLE_OBJC_ARC = NO;
				CODE_SIGN_STYLE = Automatic;
				HEADER_SEARCH_PATHS = ../../../cpe/include;
				OTHER_LDFLAGS = "-ObjC";
				PRODUCT_NAME = "$(TARGET_NAME)";
				SKIP_INSTALL = YES;
				TARGETED_DEVICE_FAMILY = "1,2";
			};
			name = Release;
		};
		C9B0C4552123F30F008DB367 /* Debug */ = {
			isa = XCBuildConfiguration;
			buildSettings = {
				CODE_SIGN_STYLE = Automatic;
				HEADER_SEARCH_PATHS = (
					../../../cpe/include,
					../../core/include,
				);
				PRODUCT_NAME = "$(TARGET_NAME)";
				SKIP_INSTALL = YES;
				TARGETED_DEVICE_FAMILY = "1,2";
			};
			name = Debug;
		};
		C9B0C4562123F30F008DB367 /* Release */ = {
			isa = XCBuildConfiguration;
			buildSettings = {
				CODE_SIGN_STYLE = Automatic;
				HEADER_SEARCH_PATHS = (
					../../../cpe/include,
					../../core/include,
				);
				PRODUCT_NAME = "$(TARGET_NAME)";
				SKIP_INSTALL = YES;
				TARGETED_DEVICE_FAMILY = "1,2";
			};
			name = Release;
		};
		C9C4B102210861940045A1A3 /* Debug */ = {
			isa = XCBuildConfiguration;
			buildSettings = {
				CODE_SIGN_STYLE = Automatic;
				HEADER_SEARCH_PATHS = (
					../../../cpe/include,
					../../dns/include,
				);
				PRODUCT_NAME = "$(TARGET_NAME)";
				SKIP_INSTALL = YES;
				TARGETED_DEVICE_FAMILY = "1,2";
			};
			name = Debug;
		};
		C9C4B103210861940045A1A3 /* Release */ = {
			isa = XCBuildConfiguration;
			buildSettings = {
				CODE_SIGN_STYLE = Automatic;
				HEADER_SEARCH_PATHS = (
					../../../cpe/include,
					../../dns/include,
				);
				PRODUCT_NAME = "$(TARGET_NAME)";
				SKIP_INSTALL = YES;
				TARGETED_DEVICE_FAMILY = "1,2";
			};
			name = Release;
		};
		C9C4B10F210861A70045A1A3 /* Debug */ = {
			isa = XCBuildConfiguration;
			buildSettings = {
				CODE_SIGN_STYLE = Automatic;
				HEADER_SEARCH_PATHS = (
					../../../cpe/include,
					../../protocol_socks5/include,
				);
				PRODUCT_NAME = "$(TARGET_NAME)";
				SKIP_INSTALL = YES;
				TARGETED_DEVICE_FAMILY = "1,2";
			};
			name = Debug;
		};
		C9C4B110210861A70045A1A3 /* Release */ = {
			isa = XCBuildConfiguration;
			buildSettings = {
				CODE_SIGN_STYLE = Automatic;
				HEADER_SEARCH_PATHS = (
					../../../cpe/include,
					../../protocol_socks5/include,
				);
				PRODUCT_NAME = "$(TARGET_NAME)";
				SKIP_INSTALL = YES;
				TARGETED_DEVICE_FAMILY = "1,2";
			};
			name = Release;
		};
		C9C4B11C210861B50045A1A3 /* Debug */ = {
			isa = XCBuildConfiguration;
			buildSettings = {
				CODE_SIGN_STYLE = Automatic;
				HEADER_SEARCH_PATHS = (
					../../../cpe/include,
					../../router/include,
				);
				PRODUCT_NAME = "$(TARGET_NAME)";
				SKIP_INSTALL = YES;
				TARGETED_DEVICE_FAMILY = "1,2";
			};
			name = Debug;
		};
		C9C4B11D210861B50045A1A3 /* Release */ = {
			isa = XCBuildConfiguration;
			buildSettings = {
				CODE_SIGN_STYLE = Automatic;
				HEADER_SEARCH_PATHS = (
					../../../cpe/include,
					../../router/include,
				);
				PRODUCT_NAME = "$(TARGET_NAME)";
				SKIP_INSTALL = YES;
				TARGETED_DEVICE_FAMILY = "1,2";
			};
			name = Release;
		};
		C9F3114B2109433C006A7621 /* Debug */ = {
			isa = XCBuildConfiguration;
			buildSettings = {
				CLANG_WARN_DOCUMENTATION_COMMENTS = NO;
				CLANG_WARN_STRICT_PROTOTYPES = NO;
				CODE_SIGN_STYLE = Automatic;
				GCC_WARN_64_TO_32_BIT_CONVERSION = NO;
				HEADER_SEARCH_PATHS = ../../depends/wslay/include;
				PRODUCT_NAME = "$(TARGET_NAME)";
				SKIP_INSTALL = YES;
				TARGETED_DEVICE_FAMILY = "1,2";
			};
			name = Debug;
		};
		C9F3114C2109433C006A7621 /* Release */ = {
			isa = XCBuildConfiguration;
			buildSettings = {
				CLANG_WARN_DOCUMENTATION_COMMENTS = NO;
				CLANG_WARN_STRICT_PROTOTYPES = NO;
				CODE_SIGN_STYLE = Automatic;
				GCC_WARN_64_TO_32_BIT_CONVERSION = NO;
				HEADER_SEARCH_PATHS = ../../depends/wslay/include;
				PRODUCT_NAME = "$(TARGET_NAME)";
				SKIP_INSTALL = YES;
				TARGETED_DEVICE_FAMILY = "1,2";
			};
			name = Release;
		};
		C9F3118121095931006A7621 /* Debug */ = {
			isa = XCBuildConfiguration;
			buildSettings = {
				CODE_SIGN_STYLE = Automatic;
				HEADER_SEARCH_PATHS = (
					../../depends/wslay/include,
					../../../cpe/include,
					../../core/include,
				);
				PRODUCT_NAME = "$(TARGET_NAME)";
				SKIP_INSTALL = YES;
				TARGETED_DEVICE_FAMILY = "1,2";
			};
			name = Debug;
		};
		C9F3118221095931006A7621 /* Release */ = {
			isa = XCBuildConfiguration;
			buildSettings = {
				CODE_SIGN_STYLE = Automatic;
				HEADER_SEARCH_PATHS = (
					../../depends/wslay/include,
					../../../cpe/include,
					../../core/include,
				);
				PRODUCT_NAME = "$(TARGET_NAME)";
				SKIP_INSTALL = YES;
				TARGETED_DEVICE_FAMILY = "1,2";
			};
			name = Release;
		};
/* End XCBuildConfiguration section */

/* Begin XCConfigurationList section */
		C91E1F0F2105FEA90080FAD8 /* Build configuration list for PBXNativeTarget "net_driver_ne" */ = {
			isa = XCConfigurationList;
			buildConfigurations = (
				C91E1F0D2105FEA90080FAD8 /* Debug */,
				C91E1F0E2105FEA90080FAD8 /* Release */,
			);
			defaultConfigurationIsVisible = 0;
			defaultConfigurationName = Release;
		};
		C9323A3C2105E2CD005DD3C0 /* Build configuration list for PBXProject "net" */ = {
			isa = XCConfigurationList;
			buildConfigurations = (
				C9323A482105E2CD005DD3C0 /* Debug */,
				C9323A492105E2CD005DD3C0 /* Release */,
			);
			defaultConfigurationIsVisible = 0;
			defaultConfigurationName = Release;
		};
		C9323A572105E2E3005DD3C0 /* Build configuration list for PBXNativeTarget "net_core" */ = {
			isa = XCConfigurationList;
			buildConfigurations = (
				C9323A582105E2E3005DD3C0 /* Debug */,
				C9323A592105E2E3005DD3C0 /* Release */,
			);
			defaultConfigurationIsVisible = 0;
			defaultConfigurationName = Release;
		};
		C9415A9D2121058E00400779 /* Build configuration list for PBXNativeTarget "net_dns_svr" */ = {
			isa = XCConfigurationList;
			buildConfigurations = (
				C9415A9B2121058E00400779 /* Debug */,
				C9415A9C2121058E00400779 /* Release */,
			);
			defaultConfigurationIsVisible = 0;
			defaultConfigurationName = Release;
		};
		C96A82E021100505000CB30D /* Build configuration list for PBXNativeTarget "net_driver_dq" */ = {
			isa = XCConfigurationList;
			buildConfigurations = (
				C96A82DE21100505000CB30D /* Debug */,
				C96A82DF21100505000CB30D /* Release */,
			);
			defaultConfigurationIsVisible = 0;
			defaultConfigurationName = Release;
		};
		C9B0C4572123F30F008DB367 /* Build configuration list for PBXNativeTarget "net_protocol_proxy_http" */ = {
			isa = XCConfigurationList;
			buildConfigurations = (
				C9B0C4552123F30F008DB367 /* Debug */,
				C9B0C4562123F30F008DB367 /* Release */,
			);
			defaultConfigurationIsVisible = 0;
			defaultConfigurationName = Release;
		};
		C9C4B101210861940045A1A3 /* Build configuration list for PBXNativeTarget "net_dns" */ = {
			isa = XCConfigurationList;
			buildConfigurations = (
				C9C4B102210861940045A1A3 /* Debug */,
				C9C4B103210861940045A1A3 /* Release */,
			);
			defaultConfigurationIsVisible = 0;
			defaultConfigurationName = Release;
		};
		C9C4B10E210861A70045A1A3 /* Build configuration list for PBXNativeTarget "net_protocol_socks5" */ = {
			isa = XCConfigurationList;
			buildConfigurations = (
				C9C4B10F210861A70045A1A3 /* Debug */,
				C9C4B110210861A70045A1A3 /* Release */,
			);
			defaultConfigurationIsVisible = 0;
			defaultConfigurationName = Release;
		};
		C9C4B11B210861B50045A1A3 /* Build configuration list for PBXNativeTarget "net_router" */ = {
			isa = XCConfigurationList;
			buildConfigurations = (
				C9C4B11C210861B50045A1A3 /* Debug */,
				C9C4B11D210861B50045A1A3 /* Release */,
			);
			defaultConfigurationIsVisible = 0;
			defaultConfigurationName = Release;
		};
		C9F3114D2109433C006A7621 /* Build configuration list for PBXNativeTarget "wslay" */ = {
			isa = XCConfigurationList;
			buildConfigurations = (
				C9F3114B2109433C006A7621 /* Debug */,
				C9F3114C2109433C006A7621 /* Release */,
			);
			defaultConfigurationIsVisible = 0;
			defaultConfigurationName = Release;
		};
		C9F3118021095931006A7621 /* Build configuration list for PBXNativeTarget "net_protocol_ws" */ = {
			isa = XCConfigurationList;
			buildConfigurations = (
				C9F3118121095931006A7621 /* Debug */,
				C9F3118221095931006A7621 /* Release */,
			);
			defaultConfigurationIsVisible = 0;
			defaultConfigurationName = Release;
		};
/* End XCConfigurationList section */
	};
	rootObject = C9323A392105E2CD005DD3C0 /* Project object */;
}
